// !$*UTF8*$!
{
	archiveVersion = 1;
	classes = {
	};
	objectVersion = 46;
	objects = {

/* Begin PBXBuildFile section */
		888747F673A017F33C64B30A /* libPods-UIProject.a in Frameworks */ = {isa = PBXBuildFile; fileRef = D148C0058C63BBB5EBED6561 /* libPods-UIProject.a */; };
		D632F4B61D1A961E00F51C6F /* main.m in Sources */ = {isa = PBXBuildFile; fileRef = D632F4B51D1A961E00F51C6F /* main.m */; };
		D632F4BC1D1A961E00F51C6F /* ViewController.m in Sources */ = {isa = PBXBuildFile; fileRef = D632F4BB1D1A961E00F51C6F /* ViewController.m */; };
		D632F4BF1D1A961E00F51C6F /* Main.storyboard in Resources */ = {isa = PBXBuildFile; fileRef = D632F4BD1D1A961E00F51C6F /* Main.storyboard */; };
		D632F4C11D1A961E00F51C6F /* Assets.xcassets in Resources */ = {isa = PBXBuildFile; fileRef = D632F4C01D1A961E00F51C6F /* Assets.xcassets */; };
		D632F4C41D1A961E00F51C6F /* LaunchScreen.storyboard in Resources */ = {isa = PBXBuildFile; fileRef = D632F4C21D1A961E00F51C6F /* LaunchScreen.storyboard */; };
		D646F42C1D1E1415008D21EE /* MBProgressHUD+GifHUD.m in Sources */ = {isa = PBXBuildFile; fileRef = D646F42B1D1E1415008D21EE /* MBProgressHUD+GifHUD.m */; };
		D646F42E1D1E1531008D21EE /* where.gif in Resources */ = {isa = PBXBuildFile; fileRef = D646F42D1D1E1531008D21EE /* where.gif */; };
		D646F4301D1E1BFA008D21EE /* weather.gif in Resources */ = {isa = PBXBuildFile; fileRef = D646F42F1D1E1BFA008D21EE /* weather.gif */; };
		D64E58511D235C2900E96257 /* waterfall.plist in Resources */ = {isa = PBXBuildFile; fileRef = D64E58501D235C2900E96257 /* waterfall.plist */; };
		D64E58731D23F98A00E96257 /* ClassDetailViewController.m in Sources */ = {isa = PBXBuildFile; fileRef = D64E58651D23F98A00E96257 /* ClassDetailViewController.m */; };
		D64E58741D23F98A00E96257 /* ClassViewController.m in Sources */ = {isa = PBXBuildFile; fileRef = D64E58671D23F98A00E96257 /* ClassViewController.m */; };
		D64E58751D23F98A00E96257 /* CookDetailViewController.m in Sources */ = {isa = PBXBuildFile; fileRef = D64E58691D23F98A00E96257 /* CookDetailViewController.m */; };
		D64E58761D23F98A00E96257 /* HealthDetailViewController.m in Sources */ = {isa = PBXBuildFile; fileRef = D64E586B1D23F98A00E96257 /* HealthDetailViewController.m */; };
		D64E58771D23F98A00E96257 /* HealthViewController.m in Sources */ = {isa = PBXBuildFile; fileRef = D64E586D1D23F98A00E96257 /* HealthViewController.m */; };
		D64E58781D23F98A00E96257 /* SecretViewController.m in Sources */ = {isa = PBXBuildFile; fileRef = D64E586F1D23F98A00E96257 /* SecretViewController.m */; };
		D64E58791D23F98A00E96257 /* SecretViewController.xib in Resources */ = {isa = PBXBuildFile; fileRef = D64E58701D23F98A00E96257 /* SecretViewController.xib */; };
		D64E587A1D23F98A00E96257 /* ShareBabyViewController.m in Sources */ = {isa = PBXBuildFile; fileRef = D64E58721D23F98A00E96257 /* ShareBabyViewController.m */; };
		D64E58871D23F99600E96257 /* CookModel.m in Sources */ = {isa = PBXBuildFile; fileRef = D64E587C1D23F99600E96257 /* CookModel.m */; };
		D64E58881D23F99600E96257 /* HealthModel.m in Sources */ = {isa = PBXBuildFile; fileRef = D64E587E1D23F99600E96257 /* HealthModel.m */; };
		D64E58891D23F99600E96257 /* ListModel.m in Sources */ = {isa = PBXBuildFile; fileRef = D64E58801D23F99600E96257 /* ListModel.m */; };
		D64E588A1D23F99600E96257 /* Secret.m in Sources */ = {isa = PBXBuildFile; fileRef = D64E58821D23F99600E96257 /* Secret.m */; };
		D64E588B1D23F99600E96257 /* SheetModel.m in Sources */ = {isa = PBXBuildFile; fileRef = D64E58841D23F99600E96257 /* SheetModel.m */; };
		D64E588C1D23F99600E96257 /* WaterfallModel.m in Sources */ = {isa = PBXBuildFile; fileRef = D64E58861D23F99600E96257 /* WaterfallModel.m */; };
		D64E58A41D23F9A600E96257 /* ClassTableViewCell.m in Sources */ = {isa = PBXBuildFile; fileRef = D64E588E1D23F9A600E96257 /* ClassTableViewCell.m */; };
		D64E58A51D23F9A600E96257 /* ClassTableViewCell.xib in Resources */ = {isa = PBXBuildFile; fileRef = D64E588F1D23F9A600E96257 /* ClassTableViewCell.xib */; };
		D64E58A61D23F9A600E96257 /* CollectionViewCell.m in Sources */ = {isa = PBXBuildFile; fileRef = D64E58911D23F9A600E96257 /* CollectionViewCell.m */; };
		D64E58A71D23F9A600E96257 /* CollectionViewCell.xib in Resources */ = {isa = PBXBuildFile; fileRef = D64E58921D23F9A600E96257 /* CollectionViewCell.xib */; };
		D64E58A81D23F9A600E96257 /* FootCollectionReusableView.m in Sources */ = {isa = PBXBuildFile; fileRef = D64E58941D23F9A600E96257 /* FootCollectionReusableView.m */; };
		D64E58A91D23F9A600E96257 /* HeadCollectionReusableView.m in Sources */ = {isa = PBXBuildFile; fileRef = D64E58961D23F9A600E96257 /* HeadCollectionReusableView.m */; };
		D64E58AA1D23F9A600E96257 /* HealthTableViewCell.m in Sources */ = {isa = PBXBuildFile; fileRef = D64E58981D23F9A600E96257 /* HealthTableViewCell.m */; };
		D64E58AB1D23F9A600E96257 /* HealthTableViewCell.xib in Resources */ = {isa = PBXBuildFile; fileRef = D64E58991D23F9A600E96257 /* HealthTableViewCell.xib */; };
		D64E58AC1D23F9A600E96257 /* RootView.m in Sources */ = {isa = PBXBuildFile; fileRef = D64E589B1D23F9A600E96257 /* RootView.m */; };
		D64E58AD1D23F9A600E96257 /* SheetTableViewCell.m in Sources */ = {isa = PBXBuildFile; fileRef = D64E589D1D23F9A600E96257 /* SheetTableViewCell.m */; };
		D64E58AE1D23F9A600E96257 /* SheetView.m in Sources */ = {isa = PBXBuildFile; fileRef = D64E589F1D23F9A600E96257 /* SheetView.m */; };
		D64E58AF1D23F9A600E96257 /* WaterfallCollectionViewCell.m in Sources */ = {isa = PBXBuildFile; fileRef = D64E58A11D23F9A600E96257 /* WaterfallCollectionViewCell.m */; };
		D64E58B01D23F9A600E96257 /* WaterFallLayout.m in Sources */ = {isa = PBXBuildFile; fileRef = D64E58A31D23F9A600E96257 /* WaterFallLayout.m */; };
		D658290E1D20D0960095A091 /* MapViewController.m in Sources */ = {isa = PBXBuildFile; fileRef = D658290C1D20D0960095A091 /* MapViewController.m */; };
		D658290F1D20D0960095A091 /* MapViewController.xib in Resources */ = {isa = PBXBuildFile; fileRef = D658290D1D20D0960095A091 /* MapViewController.xib */; };
		D65D90D31D20B974000E4432 /* SongCollectionView.m in Sources */ = {isa = PBXBuildFile; fileRef = D65D90D21D20B974000E4432 /* SongCollectionView.m */; };
		D65FA9A41D1D786D00D0CC3E /* where1.png in Resources */ = {isa = PBXBuildFile; fileRef = D65FA99E1D1D786D00D0CC3E /* where1.png */; };
		D65FA9A51D1D786D00D0CC3E /* 1.png in Resources */ = {isa = PBXBuildFile; fileRef = D65FA99F1D1D786D00D0CC3E /* 1.png */; };
		D65FA9A61D1D786D00D0CC3E /* 11.png in Resources */ = {isa = PBXBuildFile; fileRef = D65FA9A01D1D786D00D0CC3E /* 11.png */; };
		D65FA9A71D1D786D00D0CC3E /* go.png in Resources */ = {isa = PBXBuildFile; fileRef = D65FA9A11D1D786D00D0CC3E /* go.png */; };
		D65FA9A81D1D786D00D0CC3E /* 11副本.png in Resources */ = {isa = PBXBuildFile; fileRef = D65FA9A21D1D786D00D0CC3E /* 11副本.png */; };
		D65FA9A91D1D786D00D0CC3E /* weather.jpeg in Resources */ = {isa = PBXBuildFile; fileRef = D65FA9A31D1D786D00D0CC3E /* weather.jpeg */; };
		D65FA9AD1D1D78CE00D0CC3E /* WhereViewController.m in Sources */ = {isa = PBXBuildFile; fileRef = D65FA9AB1D1D78CE00D0CC3E /* WhereViewController.m */; };
		D65FA9AE1D1D78CE00D0CC3E /* WhereViewController.xib in Resources */ = {isa = PBXBuildFile; fileRef = D65FA9AC1D1D78CE00D0CC3E /* WhereViewController.xib */; };
		D65FA9B21D1D78E000D0CC3E /* TravelViewController.m in Sources */ = {isa = PBXBuildFile; fileRef = D65FA9B01D1D78E000D0CC3E /* TravelViewController.m */; };
		D65FA9B31D1D78E000D0CC3E /* TravelViewController.xib in Resources */ = {isa = PBXBuildFile; fileRef = D65FA9B11D1D78E000D0CC3E /* TravelViewController.xib */; };
		D65FA9B61D1D78ED00D0CC3E /* weather1.jpeg in Resources */ = {isa = PBXBuildFile; fileRef = D65FA9B41D1D78ED00D0CC3E /* weather1.jpeg */; };
		D65FA9B71D1D78ED00D0CC3E /* where.png in Resources */ = {isa = PBXBuildFile; fileRef = D65FA9B51D1D78ED00D0CC3E /* where.png */; };
		D65FA9BA1D1D78FF00D0CC3E /* Weather.m in Sources */ = {isa = PBXBuildFile; fileRef = D65FA9B91D1D78FF00D0CC3E /* Weather.m */; };
		D65FA9BD1D1D793900D0CC3E /* NSString+JSON.m in Sources */ = {isa = PBXBuildFile; fileRef = D65FA9BC1D1D793900D0CC3E /* NSString+JSON.m */; };
		D65FA9C91D1D79CF00D0CC3E /* MessageView.m in Sources */ = {isa = PBXBuildFile; fileRef = D65FA9C81D1D79CF00D0CC3E /* MessageView.m */; };
		D65FA9CD1D1D7D2D00D0CC3E /* libAPIStoreSDK.a in Frameworks */ = {isa = PBXBuildFile; fileRef = D65FA9CC1D1D7D2D00D0CC3E /* libAPIStoreSDK.a */; };
		D66F07231D224E5D0072B3C5 /* UserDetailViewController.m in Sources */ = {isa = PBXBuildFile; fileRef = D66F07211D224E5D0072B3C5 /* UserDetailViewController.m */; };
		D66F07241D224E5D0072B3C5 /* UserDetailViewController.xib in Resources */ = {isa = PBXBuildFile; fileRef = D66F07221D224E5D0072B3C5 /* UserDetailViewController.xib */; };

		D677F3101D23AA3E00C6AC26 /* ImageCell.m in Sources */ = {isa = PBXBuildFile; fileRef = D677F30E1D23AA3E00C6AC26 /* ImageCell.m */; };
		D677F3111D23AA3E00C6AC26 /* ImageCell.xib in Resources */ = {isa = PBXBuildFile; fileRef = D677F30F1D23AA3E00C6AC26 /* ImageCell.xib */; };
		D677F3151D23AA4E00C6AC26 /* NormalCell.m in Sources */ = {isa = PBXBuildFile; fileRef = D677F3131D23AA4E00C6AC26 /* NormalCell.m */; };
		D677F3161D23AA4E00C6AC26 /* NormalCell.xib in Resources */ = {isa = PBXBuildFile; fileRef = D677F3141D23AA4E00C6AC26 /* NormalCell.xib */; };
		D67F0C331D22223E004B10DC /* EGORefreshTableFooterView.m in Sources */ = {isa = PBXBuildFile; fileRef = D67F0C2F1D22223E004B10DC /* EGORefreshTableFooterView.m */; };
		D67F0C341D22223E004B10DC /* EGORefreshTableHeaderView.m in Sources */ = {isa = PBXBuildFile; fileRef = D67F0C311D22223E004B10DC /* EGORefreshTableHeaderView.m */; };
		D67F0C331D22223E004B10DC /* EGORefreshTableFooterView.m in Sources */ = {isa = PBXBuildFile; fileRef = D67F0C2F1D22223E004B10DC /* EGORefreshTableFooterView.m */; };
		D67F0C341D22223E004B10DC /* EGORefreshTableHeaderView.m in Sources */ = {isa = PBXBuildFile; fileRef = D67F0C311D22223E004B10DC /* EGORefreshTableHeaderView.m */; };
		D67F0C3D1D2268D1004B10DC /* blackArrow.png in Resources */ = {isa = PBXBuildFile; fileRef = D67F0C351D2268D1004B10DC /* blackArrow.png */; };
		D67F0C3E1D2268D1004B10DC /* blackArrow@2x.png in Resources */ = {isa = PBXBuildFile; fileRef = D67F0C361D2268D1004B10DC /* blackArrow@2x.png */; };
		D67F0C3F1D2268D1004B10DC /* blueArrow.png in Resources */ = {isa = PBXBuildFile; fileRef = D67F0C371D2268D1004B10DC /* blueArrow.png */; };
		D67F0C401D2268D1004B10DC /* blueArrow@2x.png in Resources */ = {isa = PBXBuildFile; fileRef = D67F0C381D2268D1004B10DC /* blueArrow@2x.png */; };
		D67F0C411D2268D1004B10DC /* grayArrow.png in Resources */ = {isa = PBXBuildFile; fileRef = D67F0C391D2268D1004B10DC /* grayArrow.png */; };
		D67F0C421D2268D1004B10DC /* grayArrow@2x.png in Resources */ = {isa = PBXBuildFile; fileRef = D67F0C3A1D2268D1004B10DC /* grayArrow@2x.png */; };
		D67F0C431D2268D1004B10DC /* whiteArrow.png in Resources */ = {isa = PBXBuildFile; fileRef = D67F0C3B1D2268D1004B10DC /* whiteArrow.png */; };
		D67F0C441D2268D1004B10DC /* whiteArrow@2x.png in Resources */ = {isa = PBXBuildFile; fileRef = D67F0C3C1D2268D1004B10DC /* whiteArrow@2x.png */; };
		D68AC7C01D1BB2CB00EBB00B /* SongViewController.m in Sources */ = {isa = PBXBuildFile; fileRef = D68AC7BE1D1BB2CB00EBB00B /* SongViewController.m */; };
		D68AC7C11D1BB2CB00EBB00B /* SongViewController.xib in Resources */ = {isa = PBXBuildFile; fileRef = D68AC7BF1D1BB2CB00EBB00B /* SongViewController.xib */; };
		D68AC7CC1D1BB35400EBB00B /* Song.m in Sources */ = {isa = PBXBuildFile; fileRef = D68AC7CB1D1BB35400EBB00B /* Song.m */; };
		D68AC7CF1D1BB37C00EBB00B /* Travel.m in Sources */ = {isa = PBXBuildFile; fileRef = D68AC7CE1D1BB37C00EBB00B /* Travel.m */; };
		D68AC7DE1D1BB58300EBB00B /* RootViewController.m in Sources */ = {isa = PBXBuildFile; fileRef = D68AC7DD1D1BB58300EBB00B /* RootViewController.m */; };
		D68AEEB71D1FEF8100C7127D /* iflyMSC.framework in Frameworks */ = {isa = PBXBuildFile; fileRef = D68AEEB61D1FEF8100C7127D /* iflyMSC.framework */; };
		D68AEEB91D1FF3B900C7127D /* CoreGraphics.framework in Frameworks */ = {isa = PBXBuildFile; fileRef = D68AEEB81D1FF3B900C7127D /* CoreGraphics.framework */; };
		D68AEEBB1D1FF3C100C7127D /* Foundation.framework in Frameworks */ = {isa = PBXBuildFile; fileRef = D68AEEBA1D1FF3C100C7127D /* Foundation.framework */; };
		D68AEEBD1D1FF3CB00C7127D /* UIKit.framework in Frameworks */ = {isa = PBXBuildFile; fileRef = D68AEEBC1D1FF3CB00C7127D /* UIKit.framework */; };
		D68AEEBF1D1FF3D400C7127D /* QuartzCore.framework in Frameworks */ = {isa = PBXBuildFile; fileRef = D68AEEBE1D1FF3D400C7127D /* QuartzCore.framework */; };
		D68AEEC11D1FF3DF00C7127D /* SystemConfiguration.framework in Frameworks */ = {isa = PBXBuildFile; fileRef = D68AEEC01D1FF3DF00C7127D /* SystemConfiguration.framework */; };
		D68AEEC31D1FF3EB00C7127D /* AudioToolbox.framework in Frameworks */ = {isa = PBXBuildFile; fileRef = D68AEEC21D1FF3EB00C7127D /* AudioToolbox.framework */; };
		D68AEEC51D1FF3FE00C7127D /* AddressBook.framework in Frameworks */ = {isa = PBXBuildFile; fileRef = D68AEEC41D1FF3FE00C7127D /* AddressBook.framework */; };
		D68AEEC71D1FF40600C7127D /* AVFoundation.framework in Frameworks */ = {isa = PBXBuildFile; fileRef = D68AEEC61D1FF40600C7127D /* AVFoundation.framework */; };
		D68AEEC91D1FF41100C7127D /* CoreTelephony.framework in Frameworks */ = {isa = PBXBuildFile; fileRef = D68AEEC81D1FF41100C7127D /* CoreTelephony.framework */; };
		D68AEECB1D1FF42300C7127D /* CoreLocation.framework in Frameworks */ = {isa = PBXBuildFile; fileRef = D68AEECA1D1FF42300C7127D /* CoreLocation.framework */; };
		D68AEECD1D1FF42B00C7127D /* libz.tbd in Frameworks */ = {isa = PBXBuildFile; fileRef = D68AEECC1D1FF42B00C7127D /* libz.tbd */; };
		D6902C4F1D20BB3500395FB4 /* UserFileHandle.m in Sources */ = {isa = PBXBuildFile; fileRef = D6902C4E1D20BB3500395FB4 /* UserFileHandle.m */; };
		D6902C531D20BC2900395FB4 /* FindPasswordController.m in Sources */ = {isa = PBXBuildFile; fileRef = D6902C511D20BC2900395FB4 /* FindPasswordController.m */; };
		D6902C541D20BC2900395FB4 /* FindPasswordController.xib in Resources */ = {isa = PBXBuildFile; fileRef = D6902C521D20BC2900395FB4 /* FindPasswordController.xib */; };
		D6A0F6C71D21012D0057CE15 /* imageDownloader.m in Sources */ = {isa = PBXBuildFile; fileRef = D6A0F6C61D21012D0057CE15 /* imageDownloader.m */; };
		D6A0F6CB1D211A050057CE15 /* SongDetailViewCell.m in Sources */ = {isa = PBXBuildFile; fileRef = D6A0F6C91D211A050057CE15 /* SongDetailViewCell.m */; };
		D6A0F6CC1D211A050057CE15 /* SongDetailViewCell.xib in Resources */ = {isa = PBXBuildFile; fileRef = D6A0F6CA1D211A050057CE15 /* SongDetailViewCell.xib */; };
		D6A0F6CF1D211BBC0057CE15 /* SongList.m in Sources */ = {isa = PBXBuildFile; fileRef = D6A0F6CE1D211BBC0057CE15 /* SongList.m */; };
		D6A0F6D31D211DE10057CE15 /* SongPlayViewController.m in Sources */ = {isa = PBXBuildFile; fileRef = D6A0F6D11D211DE10057CE15 /* SongPlayViewController.m */; };
		D6A0F6D41D211DE10057CE15 /* SongPlayViewController.xib in Resources */ = {isa = PBXBuildFile; fileRef = D6A0F6D21D211DE10057CE15 /* SongPlayViewController.xib */; };
		D6D0119C1D1AAB7C0076477D /* NetWordRequestManager.m in Sources */ = {isa = PBXBuildFile; fileRef = D6D0119B1D1AAB7C0076477D /* NetWordRequestManager.m */; };
		D6D011A11D1AAC050076477D /* ArchiverHandle.m in Sources */ = {isa = PBXBuildFile; fileRef = D6D011A01D1AAC050076477D /* ArchiverHandle.m */; };
		D6D011A51D1AAF570076477D /* Model.m in Sources */ = {isa = PBXBuildFile; fileRef = D6D011A41D1AAF570076477D /* Model.m */; };
		D6D011A81D1AD3090076477D /* AppDelegate.m in Sources */ = {isa = PBXBuildFile; fileRef = D6D011A71D1AD3090076477D /* AppDelegate.m */; };
		D6E2DF051D20BDA100DCBF0D /* SongCollectionViewCell.m in Sources */ = {isa = PBXBuildFile; fileRef = D6E2DF031D20BDA100DCBF0D /* SongCollectionViewCell.m */; };
		D6E2DF061D20BDA100DCBF0D /* SongCollectionViewCell.xib in Resources */ = {isa = PBXBuildFile; fileRef = D6E2DF041D20BDA100DCBF0D /* SongCollectionViewCell.xib */; };
		D6E2DF0A1D20BFF400DCBF0D /* SongDetailViewController.m in Sources */ = {isa = PBXBuildFile; fileRef = D6E2DF081D20BFF400DCBF0D /* SongDetailViewController.m */; };
		D6E2DF0B1D20BFF400DCBF0D /* SongDetailViewController.xib in Resources */ = {isa = PBXBuildFile; fileRef = D6E2DF091D20BFF400DCBF0D /* SongDetailViewController.xib */; };
		D6F456A71D1D846800C957B9 /* bigger.jpg in Resources */ = {isa = PBXBuildFile; fileRef = D6F456A01D1D846800C957B9 /* bigger.jpg */; };
		D6F456A81D1D846800C957B9 /* head1.jpg in Resources */ = {isa = PBXBuildFile; fileRef = D6F456A11D1D846800C957B9 /* head1.jpg */; };
		D6F456A91D1D846800C957B9 /* head2.jpg in Resources */ = {isa = PBXBuildFile; fileRef = D6F456A21D1D846800C957B9 /* head2.jpg */; };
		D6F456AA1D1D846800C957B9 /* head3.jpg in Resources */ = {isa = PBXBuildFile; fileRef = D6F456A31D1D846800C957B9 /* head3.jpg */; };
		D6F456AB1D1D846800C957B9 /* head4.jpg in Resources */ = {isa = PBXBuildFile; fileRef = D6F456A41D1D846800C957B9 /* head4.jpg */; };
		D6F456AC1D1D846800C957B9 /* head5.jpg in Resources */ = {isa = PBXBuildFile; fileRef = D6F456A51D1D846800C957B9 /* head5.jpg */; };
		D6F456AD1D1D846800C957B9 /* placeHold.png in Resources */ = {isa = PBXBuildFile; fileRef = D6F456A61D1D846800C957B9 /* placeHold.png */; };
		D6F456BE1D1D84A100C957B9 /* TAAbstractDotView.m in Sources */ = {isa = PBXBuildFile; fileRef = D6F456B11D1D84A100C957B9 /* TAAbstractDotView.m */; };
		D6F456BF1D1D84A100C957B9 /* TAAnimatedDotView.m in Sources */ = {isa = PBXBuildFile; fileRef = D6F456B31D1D84A100C957B9 /* TAAnimatedDotView.m */; };
		D6F456C01D1D84A100C957B9 /* TADotView.m in Sources */ = {isa = PBXBuildFile; fileRef = D6F456B51D1D84A100C957B9 /* TADotView.m */; };
		D6F456C11D1D84A100C957B9 /* TAPageControl.m in Sources */ = {isa = PBXBuildFile; fileRef = D6F456B71D1D84A100C957B9 /* TAPageControl.m */; };
		D6F456C21D1D84A100C957B9 /* SDCollectionViewCell.m in Sources */ = {isa = PBXBuildFile; fileRef = D6F456B91D1D84A100C957B9 /* SDCollectionViewCell.m */; };
		D6F456C31D1D84A100C957B9 /* SDCycleScrollView.m in Sources */ = {isa = PBXBuildFile; fileRef = D6F456BB1D1D84A100C957B9 /* SDCycleScrollView.m */; };
		D6F456C41D1D84A100C957B9 /* UIView+SDExtension.m in Sources */ = {isa = PBXBuildFile; fileRef = D6F456BD1D1D84A100C957B9 /* UIView+SDExtension.m */; };
		D6F8F1F31D1CE8B700D39982 /* LoginViewController.m in Sources */ = {isa = PBXBuildFile; fileRef = D6F8F1E21D1CE8B700D39982 /* LoginViewController.m */; };
		D6F8F1F41D1CE8B700D39982 /* LoginViewController.xib in Resources */ = {isa = PBXBuildFile; fileRef = D6F8F1E31D1CE8B700D39982 /* LoginViewController.xib */; };
		D6F8F1F51D1CE8B700D39982 /* RegistViewController.m in Sources */ = {isa = PBXBuildFile; fileRef = D6F8F1E51D1CE8B700D39982 /* RegistViewController.m */; };
		D6F8F1F61D1CE8B700D39982 /* RegistViewController.xib in Resources */ = {isa = PBXBuildFile; fileRef = D6F8F1E61D1CE8B700D39982 /* RegistViewController.xib */; };
		D6F8F1F71D1CE8B700D39982 /* UserViewController.m in Sources */ = {isa = PBXBuildFile; fileRef = D6F8F1E81D1CE8B700D39982 /* UserViewController.m */; };
		D6F8F1F81D1CE8B700D39982 /* UserViewController.xib in Resources */ = {isa = PBXBuildFile; fileRef = D6F8F1E91D1CE8B700D39982 /* UserViewController.xib */; };
		D6F8F1F91D1CE8B700D39982 /* User.m in Sources */ = {isa = PBXBuildFile; fileRef = D6F8F1EC1D1CE8B700D39982 /* User.m */; };
		D6F8F1FA1D1CE8B700D39982 /* CollectionCell.m in Sources */ = {isa = PBXBuildFile; fileRef = D6F8F1EF1D1CE8B700D39982 /* CollectionCell.m */; };
		D6F8F1FB1D1CE8B700D39982 /* CollectionCell.xib in Resources */ = {isa = PBXBuildFile; fileRef = D6F8F1F01D1CE8B700D39982 /* CollectionCell.xib */; };
		D6F8F1FC1D1CE8B700D39982 /* CollectionView.m in Sources */ = {isa = PBXBuildFile; fileRef = D6F8F1F21D1CE8B700D39982 /* CollectionView.m */; };
/* End PBXBuildFile section */

/* Begin PBXFileReference section */
		46C876A3E453B6AED68D8F6C /* Pods-UIProject.debug.xcconfig */ = {isa = PBXFileReference; includeInIndex = 1; lastKnownFileType = text.xcconfig; name = "Pods-UIProject.debug.xcconfig"; path = "Pods/Target Support Files/Pods-UIProject/Pods-UIProject.debug.xcconfig"; sourceTree = "<group>"; };
		CEB045A6E1FBBA2D7546D596 /* Pods-UIProject.release.xcconfig */ = {isa = PBXFileReference; includeInIndex = 1; lastKnownFileType = text.xcconfig; name = "Pods-UIProject.release.xcconfig"; path = "Pods/Target Support Files/Pods-UIProject/Pods-UIProject.release.xcconfig"; sourceTree = "<group>"; };
		D148C0058C63BBB5EBED6561 /* libPods-UIProject.a */ = {isa = PBXFileReference; explicitFileType = archive.ar; includeInIndex = 0; path = "libPods-UIProject.a"; sourceTree = BUILT_PRODUCTS_DIR; };
		D632F4B11D1A961E00F51C6F /* UIProject.app */ = {isa = PBXFileReference; explicitFileType = wrapper.application; includeInIndex = 0; path = UIProject.app; sourceTree = BUILT_PRODUCTS_DIR; };
		D632F4B51D1A961E00F51C6F /* main.m */ = {isa = PBXFileReference; lastKnownFileType = sourcecode.c.objc; path = main.m; sourceTree = "<group>"; };
		D632F4BA1D1A961E00F51C6F /* ViewController.h */ = {isa = PBXFileReference; lastKnownFileType = sourcecode.c.h; path = ViewController.h; sourceTree = "<group>"; };
		D632F4BB1D1A961E00F51C6F /* ViewController.m */ = {isa = PBXFileReference; lastKnownFileType = sourcecode.c.objc; path = ViewController.m; sourceTree = "<group>"; };
		D632F4BE1D1A961E00F51C6F /* Base */ = {isa = PBXFileReference; lastKnownFileType = file.storyboard; name = Base; path = Base.lproj/Main.storyboard; sourceTree = "<group>"; };
		D632F4C01D1A961E00F51C6F /* Assets.xcassets */ = {isa = PBXFileReference; lastKnownFileType = folder.assetcatalog; path = Assets.xcassets; sourceTree = "<group>"; };
		D632F4C31D1A961E00F51C6F /* Base */ = {isa = PBXFileReference; lastKnownFileType = file.storyboard; name = Base; path = Base.lproj/LaunchScreen.storyboard; sourceTree = "<group>"; };
		D632F4C51D1A961E00F51C6F /* Info.plist */ = {isa = PBXFileReference; lastKnownFileType = text.plist.xml; path = Info.plist; sourceTree = "<group>"; };
		D646F42A1D1E1415008D21EE /* MBProgressHUD+GifHUD.h */ = {isa = PBXFileReference; fileEncoding = 4; lastKnownFileType = sourcecode.c.h; path = "MBProgressHUD+GifHUD.h"; sourceTree = "<group>"; };
		D646F42B1D1E1415008D21EE /* MBProgressHUD+GifHUD.m */ = {isa = PBXFileReference; fileEncoding = 4; lastKnownFileType = sourcecode.c.objc; path = "MBProgressHUD+GifHUD.m"; sourceTree = "<group>"; };
		D646F42D1D1E1531008D21EE /* where.gif */ = {isa = PBXFileReference; lastKnownFileType = image.gif; name = where.gif; path = SDCycleScrollView/where.gif; sourceTree = "<group>"; };
		D646F42F1D1E1BFA008D21EE /* weather.gif */ = {isa = PBXFileReference; lastKnownFileType = image.gif; path = weather.gif; sourceTree = "<group>"; };
		D64E58501D235C2900E96257 /* waterfall.plist */ = {isa = PBXFileReference; fileEncoding = 4; lastKnownFileType = text.plist.xml; path = waterfall.plist; sourceTree = "<group>"; };
		D64E58641D23F98A00E96257 /* ClassDetailViewController.h */ = {isa = PBXFileReference; fileEncoding = 4; lastKnownFileType = sourcecode.c.h; path = ClassDetailViewController.h; sourceTree = "<group>"; };
		D64E58651D23F98A00E96257 /* ClassDetailViewController.m */ = {isa = PBXFileReference; fileEncoding = 4; lastKnownFileType = sourcecode.c.objc; path = ClassDetailViewController.m; sourceTree = "<group>"; };
		D64E58661D23F98A00E96257 /* ClassViewController.h */ = {isa = PBXFileReference; fileEncoding = 4; lastKnownFileType = sourcecode.c.h; path = ClassViewController.h; sourceTree = "<group>"; };
		D64E58671D23F98A00E96257 /* ClassViewController.m */ = {isa = PBXFileReference; fileEncoding = 4; lastKnownFileType = sourcecode.c.objc; path = ClassViewController.m; sourceTree = "<group>"; };
		D64E58681D23F98A00E96257 /* CookDetailViewController.h */ = {isa = PBXFileReference; fileEncoding = 4; lastKnownFileType = sourcecode.c.h; path = CookDetailViewController.h; sourceTree = "<group>"; };
		D64E58691D23F98A00E96257 /* CookDetailViewController.m */ = {isa = PBXFileReference; fileEncoding = 4; lastKnownFileType = sourcecode.c.objc; path = CookDetailViewController.m; sourceTree = "<group>"; };
		D64E586A1D23F98A00E96257 /* HealthDetailViewController.h */ = {isa = PBXFileReference; fileEncoding = 4; lastKnownFileType = sourcecode.c.h; path = HealthDetailViewController.h; sourceTree = "<group>"; };
		D64E586B1D23F98A00E96257 /* HealthDetailViewController.m */ = {isa = PBXFileReference; fileEncoding = 4; lastKnownFileType = sourcecode.c.objc; path = HealthDetailViewController.m; sourceTree = "<group>"; };
		D64E586C1D23F98A00E96257 /* HealthViewController.h */ = {isa = PBXFileReference; fileEncoding = 4; lastKnownFileType = sourcecode.c.h; path = HealthViewController.h; sourceTree = "<group>"; };
		D64E586D1D23F98A00E96257 /* HealthViewController.m */ = {isa = PBXFileReference; fileEncoding = 4; lastKnownFileType = sourcecode.c.objc; path = HealthViewController.m; sourceTree = "<group>"; };
		D64E586E1D23F98A00E96257 /* SecretViewController.h */ = {isa = PBXFileReference; fileEncoding = 4; lastKnownFileType = sourcecode.c.h; path = SecretViewController.h; sourceTree = "<group>"; };
		D64E586F1D23F98A00E96257 /* SecretViewController.m */ = {isa = PBXFileReference; fileEncoding = 4; lastKnownFileType = sourcecode.c.objc; path = SecretViewController.m; sourceTree = "<group>"; };
		D64E58701D23F98A00E96257 /* SecretViewController.xib */ = {isa = PBXFileReference; fileEncoding = 4; lastKnownFileType = file.xib; path = SecretViewController.xib; sourceTree = "<group>"; };
		D64E58711D23F98A00E96257 /* ShareBabyViewController.h */ = {isa = PBXFileReference; fileEncoding = 4; lastKnownFileType = sourcecode.c.h; path = ShareBabyViewController.h; sourceTree = "<group>"; };
		D64E58721D23F98A00E96257 /* ShareBabyViewController.m */ = {isa = PBXFileReference; fileEncoding = 4; lastKnownFileType = sourcecode.c.objc; path = ShareBabyViewController.m; sourceTree = "<group>"; };
		D64E587B1D23F99600E96257 /* CookModel.h */ = {isa = PBXFileReference; fileEncoding = 4; lastKnownFileType = sourcecode.c.h; path = CookModel.h; sourceTree = "<group>"; };
		D64E587C1D23F99600E96257 /* CookModel.m */ = {isa = PBXFileReference; fileEncoding = 4; lastKnownFileType = sourcecode.c.objc; path = CookModel.m; sourceTree = "<group>"; };
		D64E587D1D23F99600E96257 /* HealthModel.h */ = {isa = PBXFileReference; fileEncoding = 4; lastKnownFileType = sourcecode.c.h; path = HealthModel.h; sourceTree = "<group>"; };
		D64E587E1D23F99600E96257 /* HealthModel.m */ = {isa = PBXFileReference; fileEncoding = 4; lastKnownFileType = sourcecode.c.objc; path = HealthModel.m; sourceTree = "<group>"; };
		D64E587F1D23F99600E96257 /* ListModel.h */ = {isa = PBXFileReference; fileEncoding = 4; lastKnownFileType = sourcecode.c.h; path = ListModel.h; sourceTree = "<group>"; };
		D64E58801D23F99600E96257 /* ListModel.m */ = {isa = PBXFileReference; fileEncoding = 4; lastKnownFileType = sourcecode.c.objc; path = ListModel.m; sourceTree = "<group>"; };
		D64E58811D23F99600E96257 /* Secret.h */ = {isa = PBXFileReference; fileEncoding = 4; lastKnownFileType = sourcecode.c.h; path = Secret.h; sourceTree = "<group>"; };
		D64E58821D23F99600E96257 /* Secret.m */ = {isa = PBXFileReference; fileEncoding = 4; lastKnownFileType = sourcecode.c.objc; path = Secret.m; sourceTree = "<group>"; };
		D64E58831D23F99600E96257 /* SheetModel.h */ = {isa = PBXFileReference; fileEncoding = 4; lastKnownFileType = sourcecode.c.h; path = SheetModel.h; sourceTree = "<group>"; };
		D64E58841D23F99600E96257 /* SheetModel.m */ = {isa = PBXFileReference; fileEncoding = 4; lastKnownFileType = sourcecode.c.objc; path = SheetModel.m; sourceTree = "<group>"; };
		D64E58851D23F99600E96257 /* WaterfallModel.h */ = {isa = PBXFileReference; fileEncoding = 4; lastKnownFileType = sourcecode.c.h; path = WaterfallModel.h; sourceTree = "<group>"; };
		D64E58861D23F99600E96257 /* WaterfallModel.m */ = {isa = PBXFileReference; fileEncoding = 4; lastKnownFileType = sourcecode.c.objc; path = WaterfallModel.m; sourceTree = "<group>"; };
		D64E588D1D23F9A600E96257 /* ClassTableViewCell.h */ = {isa = PBXFileReference; fileEncoding = 4; lastKnownFileType = sourcecode.c.h; path = ClassTableViewCell.h; sourceTree = "<group>"; };
		D64E588E1D23F9A600E96257 /* ClassTableViewCell.m */ = {isa = PBXFileReference; fileEncoding = 4; lastKnownFileType = sourcecode.c.objc; path = ClassTableViewCell.m; sourceTree = "<group>"; };
		D64E588F1D23F9A600E96257 /* ClassTableViewCell.xib */ = {isa = PBXFileReference; fileEncoding = 4; lastKnownFileType = file.xib; path = ClassTableViewCell.xib; sourceTree = "<group>"; };
		D64E58901D23F9A600E96257 /* CollectionViewCell.h */ = {isa = PBXFileReference; fileEncoding = 4; lastKnownFileType = sourcecode.c.h; path = CollectionViewCell.h; sourceTree = "<group>"; };
		D64E58911D23F9A600E96257 /* CollectionViewCell.m */ = {isa = PBXFileReference; fileEncoding = 4; lastKnownFileType = sourcecode.c.objc; path = CollectionViewCell.m; sourceTree = "<group>"; };
		D64E58921D23F9A600E96257 /* CollectionViewCell.xib */ = {isa = PBXFileReference; fileEncoding = 4; lastKnownFileType = file.xib; path = CollectionViewCell.xib; sourceTree = "<group>"; };
		D64E58931D23F9A600E96257 /* FootCollectionReusableView.h */ = {isa = PBXFileReference; fileEncoding = 4; lastKnownFileType = sourcecode.c.h; path = FootCollectionReusableView.h; sourceTree = "<group>"; };
		D64E58941D23F9A600E96257 /* FootCollectionReusableView.m */ = {isa = PBXFileReference; fileEncoding = 4; lastKnownFileType = sourcecode.c.objc; path = FootCollectionReusableView.m; sourceTree = "<group>"; };
		D64E58951D23F9A600E96257 /* HeadCollectionReusableView.h */ = {isa = PBXFileReference; fileEncoding = 4; lastKnownFileType = sourcecode.c.h; path = HeadCollectionReusableView.h; sourceTree = "<group>"; };
		D64E58961D23F9A600E96257 /* HeadCollectionReusableView.m */ = {isa = PBXFileReference; fileEncoding = 4; lastKnownFileType = sourcecode.c.objc; path = HeadCollectionReusableView.m; sourceTree = "<group>"; };
		D64E58971D23F9A600E96257 /* HealthTableViewCell.h */ = {isa = PBXFileReference; fileEncoding = 4; lastKnownFileType = sourcecode.c.h; path = HealthTableViewCell.h; sourceTree = "<group>"; };
		D64E58981D23F9A600E96257 /* HealthTableViewCell.m */ = {isa = PBXFileReference; fileEncoding = 4; lastKnownFileType = sourcecode.c.objc; path = HealthTableViewCell.m; sourceTree = "<group>"; };
		D64E58991D23F9A600E96257 /* HealthTableViewCell.xib */ = {isa = PBXFileReference; fileEncoding = 4; lastKnownFileType = file.xib; path = HealthTableViewCell.xib; sourceTree = "<group>"; };
		D64E589A1D23F9A600E96257 /* RootView.h */ = {isa = PBXFileReference; fileEncoding = 4; lastKnownFileType = sourcecode.c.h; path = RootView.h; sourceTree = "<group>"; };
		D64E589B1D23F9A600E96257 /* RootView.m */ = {isa = PBXFileReference; fileEncoding = 4; lastKnownFileType = sourcecode.c.objc; path = RootView.m; sourceTree = "<group>"; };
		D64E589C1D23F9A600E96257 /* SheetTableViewCell.h */ = {isa = PBXFileReference; fileEncoding = 4; lastKnownFileType = sourcecode.c.h; path = SheetTableViewCell.h; sourceTree = "<group>"; };
		D64E589D1D23F9A600E96257 /* SheetTableViewCell.m */ = {isa = PBXFileReference; fileEncoding = 4; lastKnownFileType = sourcecode.c.objc; path = SheetTableViewCell.m; sourceTree = "<group>"; };
		D64E589E1D23F9A600E96257 /* SheetView.h */ = {isa = PBXFileReference; fileEncoding = 4; lastKnownFileType = sourcecode.c.h; path = SheetView.h; sourceTree = "<group>"; };
		D64E589F1D23F9A600E96257 /* SheetView.m */ = {isa = PBXFileReference; fileEncoding = 4; lastKnownFileType = sourcecode.c.objc; path = SheetView.m; sourceTree = "<group>"; };
		D64E58A01D23F9A600E96257 /* WaterfallCollectionViewCell.h */ = {isa = PBXFileReference; fileEncoding = 4; lastKnownFileType = sourcecode.c.h; path = WaterfallCollectionViewCell.h; sourceTree = "<group>"; };
		D64E58A11D23F9A600E96257 /* WaterfallCollectionViewCell.m */ = {isa = PBXFileReference; fileEncoding = 4; lastKnownFileType = sourcecode.c.objc; path = WaterfallCollectionViewCell.m; sourceTree = "<group>"; };
		D64E58A21D23F9A600E96257 /* WaterFallLayout.h */ = {isa = PBXFileReference; fileEncoding = 4; lastKnownFileType = sourcecode.c.h; path = WaterFallLayout.h; sourceTree = "<group>"; };
		D64E58A31D23F9A600E96257 /* WaterFallLayout.m */ = {isa = PBXFileReference; fileEncoding = 4; lastKnownFileType = sourcecode.c.objc; path = WaterFallLayout.m; sourceTree = "<group>"; };
		D658290B1D20D0960095A091 /* MapViewController.h */ = {isa = PBXFileReference; fileEncoding = 4; lastKnownFileType = sourcecode.c.h; path = MapViewController.h; sourceTree = "<group>"; };
		D658290C1D20D0960095A091 /* MapViewController.m */ = {isa = PBXFileReference; fileEncoding = 4; lastKnownFileType = sourcecode.c.objc; path = MapViewController.m; sourceTree = "<group>"; };
		D658290D1D20D0960095A091 /* MapViewController.xib */ = {isa = PBXFileReference; fileEncoding = 4; lastKnownFileType = file.xib; path = MapViewController.xib; sourceTree = "<group>"; };
		D65D90D11D20B974000E4432 /* SongCollectionView.h */ = {isa = PBXFileReference; fileEncoding = 4; lastKnownFileType = sourcecode.c.h; path = SongCollectionView.h; sourceTree = "<group>"; };
		D65D90D21D20B974000E4432 /* SongCollectionView.m */ = {isa = PBXFileReference; fileEncoding = 4; lastKnownFileType = sourcecode.c.objc; path = SongCollectionView.m; sourceTree = "<group>"; };
		D65FA99E1D1D786D00D0CC3E /* where1.png */ = {isa = PBXFileReference; lastKnownFileType = image.png; path = where1.png; sourceTree = "<group>"; };
		D65FA99F1D1D786D00D0CC3E /* 1.png */ = {isa = PBXFileReference; lastKnownFileType = image.png; path = 1.png; sourceTree = "<group>"; };
		D65FA9A01D1D786D00D0CC3E /* 11.png */ = {isa = PBXFileReference; lastKnownFileType = image.png; path = 11.png; sourceTree = "<group>"; };
		D65FA9A11D1D786D00D0CC3E /* go.png */ = {isa = PBXFileReference; lastKnownFileType = image.png; path = go.png; sourceTree = "<group>"; };
		D65FA9A21D1D786D00D0CC3E /* 11副本.png */ = {isa = PBXFileReference; lastKnownFileType = image.png; path = "11副本.png"; sourceTree = "<group>"; };
		D65FA9A31D1D786D00D0CC3E /* weather.jpeg */ = {isa = PBXFileReference; lastKnownFileType = image.jpeg; path = weather.jpeg; sourceTree = "<group>"; };
		D65FA9AA1D1D78CE00D0CC3E /* WhereViewController.h */ = {isa = PBXFileReference; fileEncoding = 4; lastKnownFileType = sourcecode.c.h; path = WhereViewController.h; sourceTree = "<group>"; };
		D65FA9AB1D1D78CE00D0CC3E /* WhereViewController.m */ = {isa = PBXFileReference; fileEncoding = 4; lastKnownFileType = sourcecode.c.objc; path = WhereViewController.m; sourceTree = "<group>"; };
		D65FA9AC1D1D78CE00D0CC3E /* WhereViewController.xib */ = {isa = PBXFileReference; fileEncoding = 4; lastKnownFileType = file.xib; path = WhereViewController.xib; sourceTree = "<group>"; };
		D65FA9AF1D1D78E000D0CC3E /* TravelViewController.h */ = {isa = PBXFileReference; fileEncoding = 4; lastKnownFileType = sourcecode.c.h; path = TravelViewController.h; sourceTree = "<group>"; };
		D65FA9B01D1D78E000D0CC3E /* TravelViewController.m */ = {isa = PBXFileReference; fileEncoding = 4; lastKnownFileType = sourcecode.c.objc; path = TravelViewController.m; sourceTree = "<group>"; };
		D65FA9B11D1D78E000D0CC3E /* TravelViewController.xib */ = {isa = PBXFileReference; fileEncoding = 4; lastKnownFileType = file.xib; path = TravelViewController.xib; sourceTree = "<group>"; };
		D65FA9B41D1D78ED00D0CC3E /* weather1.jpeg */ = {isa = PBXFileReference; lastKnownFileType = image.jpeg; path = weather1.jpeg; sourceTree = "<group>"; };
		D65FA9B51D1D78ED00D0CC3E /* where.png */ = {isa = PBXFileReference; lastKnownFileType = image.png; path = where.png; sourceTree = "<group>"; };
		D65FA9B81D1D78FF00D0CC3E /* Weather.h */ = {isa = PBXFileReference; fileEncoding = 4; lastKnownFileType = sourcecode.c.h; path = Weather.h; sourceTree = "<group>"; };
		D65FA9B91D1D78FF00D0CC3E /* Weather.m */ = {isa = PBXFileReference; fileEncoding = 4; lastKnownFileType = sourcecode.c.objc; path = Weather.m; sourceTree = "<group>"; };
		D65FA9BB1D1D793900D0CC3E /* NSString+JSON.h */ = {isa = PBXFileReference; fileEncoding = 4; lastKnownFileType = sourcecode.c.h; path = "NSString+JSON.h"; sourceTree = "<group>"; };
		D65FA9BC1D1D793900D0CC3E /* NSString+JSON.m */ = {isa = PBXFileReference; fileEncoding = 4; lastKnownFileType = sourcecode.c.objc; path = "NSString+JSON.m"; sourceTree = "<group>"; };
		D65FA9C71D1D79CF00D0CC3E /* MessageView.h */ = {isa = PBXFileReference; fileEncoding = 4; lastKnownFileType = sourcecode.c.h; path = MessageView.h; sourceTree = "<group>"; };
		D65FA9C81D1D79CF00D0CC3E /* MessageView.m */ = {isa = PBXFileReference; fileEncoding = 4; lastKnownFileType = sourcecode.c.objc; path = MessageView.m; sourceTree = "<group>"; };
		D65FA9CB1D1D7D2D00D0CC3E /* APIStoreSDK.h */ = {isa = PBXFileReference; fileEncoding = 4; lastKnownFileType = sourcecode.c.h; path = APIStoreSDK.h; sourceTree = "<group>"; };
		D65FA9CC1D1D7D2D00D0CC3E /* libAPIStoreSDK.a */ = {isa = PBXFileReference; lastKnownFileType = archive.ar; path = libAPIStoreSDK.a; sourceTree = "<group>"; };
		D66F07201D224E5D0072B3C5 /* UserDetailViewController.h */ = {isa = PBXFileReference; fileEncoding = 4; lastKnownFileType = sourcecode.c.h; path = UserDetailViewController.h; sourceTree = "<group>"; };
		D66F07211D224E5D0072B3C5 /* UserDetailViewController.m */ = {isa = PBXFileReference; fileEncoding = 4; lastKnownFileType = sourcecode.c.objc; path = UserDetailViewController.m; sourceTree = "<group>"; };
		D66F07221D224E5D0072B3C5 /* UserDetailViewController.xib */ = {isa = PBXFileReference; fileEncoding = 4; lastKnownFileType = file.xib; path = UserDetailViewController.xib; sourceTree = "<group>"; };
		D677F30D1D23AA3E00C6AC26 /* ImageCell.h */ = {isa = PBXFileReference; fileEncoding = 4; lastKnownFileType = sourcecode.c.h; path = ImageCell.h; sourceTree = "<group>"; };
		D677F30E1D23AA3E00C6AC26 /* ImageCell.m */ = {isa = PBXFileReference; fileEncoding = 4; lastKnownFileType = sourcecode.c.objc; path = ImageCell.m; sourceTree = "<group>"; };
		D677F30F1D23AA3E00C6AC26 /* ImageCell.xib */ = {isa = PBXFileReference; fileEncoding = 4; lastKnownFileType = file.xib; path = ImageCell.xib; sourceTree = "<group>"; };
		D677F3121D23AA4E00C6AC26 /* NormalCell.h */ = {isa = PBXFileReference; fileEncoding = 4; lastKnownFileType = sourcecode.c.h; path = NormalCell.h; sourceTree = "<group>"; };
		D677F3131D23AA4E00C6AC26 /* NormalCell.m */ = {isa = PBXFileReference; fileEncoding = 4; lastKnownFileType = sourcecode.c.objc; path = NormalCell.m; sourceTree = "<group>"; };
		D677F3141D23AA4E00C6AC26 /* NormalCell.xib */ = {isa = PBXFileReference; fileEncoding = 4; lastKnownFileType = file.xib; path = NormalCell.xib; sourceTree = "<group>"; };
		D67F0C2E1D22223E004B10DC /* EGORefreshTableFooterView.h */ = {isa = PBXFileReference; fileEncoding = 4; lastKnownFileType = sourcecode.c.h; path = EGORefreshTableFooterView.h; sourceTree = "<group>"; };
		D67F0C2F1D22223E004B10DC /* EGORefreshTableFooterView.m */ = {isa = PBXFileReference; fileEncoding = 4; lastKnownFileType = sourcecode.c.objc; path = EGORefreshTableFooterView.m; sourceTree = "<group>"; };
		D67F0C301D22223E004B10DC /* EGORefreshTableHeaderView.h */ = {isa = PBXFileReference; fileEncoding = 4; lastKnownFileType = sourcecode.c.h; path = EGORefreshTableHeaderView.h; sourceTree = "<group>"; };
		D67F0C311D22223E004B10DC /* EGORefreshTableHeaderView.m */ = {isa = PBXFileReference; fileEncoding = 4; lastKnownFileType = sourcecode.c.objc; path = EGORefreshTableHeaderView.m; sourceTree = "<group>"; };
		D67F0C321D22223E004B10DC /* EGOViewCommon.h */ = {isa = PBXFileReference; fileEncoding = 4; lastKnownFileType = sourcecode.c.h; path = EGOViewCommon.h; sourceTree = "<group>"; };
		D67F0C351D2268D1004B10DC /* blackArrow.png */ = {isa = PBXFileReference; lastKnownFileType = image.png; path = blackArrow.png; sourceTree = "<group>"; };
		D67F0C361D2268D1004B10DC /* blackArrow@2x.png */ = {isa = PBXFileReference; lastKnownFileType = image.png; path = "blackArrow@2x.png"; sourceTree = "<group>"; };
		D67F0C371D2268D1004B10DC /* blueArrow.png */ = {isa = PBXFileReference; lastKnownFileType = image.png; path = blueArrow.png; sourceTree = "<group>"; };
		D67F0C381D2268D1004B10DC /* blueArrow@2x.png */ = {isa = PBXFileReference; lastKnownFileType = image.png; path = "blueArrow@2x.png"; sourceTree = "<group>"; };
		D67F0C391D2268D1004B10DC /* grayArrow.png */ = {isa = PBXFileReference; lastKnownFileType = image.png; path = grayArrow.png; sourceTree = "<group>"; };
		D67F0C3A1D2268D1004B10DC /* grayArrow@2x.png */ = {isa = PBXFileReference; lastKnownFileType = image.png; path = "grayArrow@2x.png"; sourceTree = "<group>"; };
		D67F0C3B1D2268D1004B10DC /* whiteArrow.png */ = {isa = PBXFileReference; lastKnownFileType = image.png; path = whiteArrow.png; sourceTree = "<group>"; };
		D67F0C3C1D2268D1004B10DC /* whiteArrow@2x.png */ = {isa = PBXFileReference; lastKnownFileType = image.png; path = "whiteArrow@2x.png"; sourceTree = "<group>"; };
		D68AC7BD1D1BB2CB00EBB00B /* SongViewController.h */ = {isa = PBXFileReference; fileEncoding = 4; lastKnownFileType = sourcecode.c.h; path = SongViewController.h; sourceTree = "<group>"; };
		D68AC7BE1D1BB2CB00EBB00B /* SongViewController.m */ = {isa = PBXFileReference; fileEncoding = 4; lastKnownFileType = sourcecode.c.objc; path = SongViewController.m; sourceTree = "<group>"; };
		D68AC7BF1D1BB2CB00EBB00B /* SongViewController.xib */ = {isa = PBXFileReference; fileEncoding = 4; lastKnownFileType = file.xib; path = SongViewController.xib; sourceTree = "<group>"; };
		D68AC7CA1D1BB35400EBB00B /* Song.h */ = {isa = PBXFileReference; fileEncoding = 4; lastKnownFileType = sourcecode.c.h; path = Song.h; sourceTree = "<group>"; };
		D68AC7CB1D1BB35400EBB00B /* Song.m */ = {isa = PBXFileReference; fileEncoding = 4; lastKnownFileType = sourcecode.c.objc; path = Song.m; sourceTree = "<group>"; };
		D68AC7CD1D1BB37C00EBB00B /* Travel.h */ = {isa = PBXFileReference; fileEncoding = 4; lastKnownFileType = sourcecode.c.h; path = Travel.h; sourceTree = "<group>"; };
		D68AC7CE1D1BB37C00EBB00B /* Travel.m */ = {isa = PBXFileReference; fileEncoding = 4; lastKnownFileType = sourcecode.c.objc; path = Travel.m; sourceTree = "<group>"; };
		D68AC7DC1D1BB58300EBB00B /* RootViewController.h */ = {isa = PBXFileReference; fileEncoding = 4; lastKnownFileType = sourcecode.c.h; path = RootViewController.h; sourceTree = "<group>"; };
		D68AC7DD1D1BB58300EBB00B /* RootViewController.m */ = {isa = PBXFileReference; fileEncoding = 4; lastKnownFileType = sourcecode.c.objc; path = RootViewController.m; sourceTree = "<group>"; };
		D68AEEB61D1FEF8100C7127D /* iflyMSC.framework */ = {isa = PBXFileReference; lastKnownFileType = wrapper.framework; path = iflyMSC.framework; sourceTree = "<group>"; };
		D68AEEB81D1FF3B900C7127D /* CoreGraphics.framework */ = {isa = PBXFileReference; lastKnownFileType = wrapper.framework; name = CoreGraphics.framework; path = System/Library/Frameworks/CoreGraphics.framework; sourceTree = SDKROOT; };
		D68AEEBA1D1FF3C100C7127D /* Foundation.framework */ = {isa = PBXFileReference; lastKnownFileType = wrapper.framework; name = Foundation.framework; path = System/Library/Frameworks/Foundation.framework; sourceTree = SDKROOT; };
		D68AEEBC1D1FF3CB00C7127D /* UIKit.framework */ = {isa = PBXFileReference; lastKnownFileType = wrapper.framework; name = UIKit.framework; path = System/Library/Frameworks/UIKit.framework; sourceTree = SDKROOT; };
		D68AEEBE1D1FF3D400C7127D /* QuartzCore.framework */ = {isa = PBXFileReference; lastKnownFileType = wrapper.framework; name = QuartzCore.framework; path = System/Library/Frameworks/QuartzCore.framework; sourceTree = SDKROOT; };
		D68AEEC01D1FF3DF00C7127D /* SystemConfiguration.framework */ = {isa = PBXFileReference; lastKnownFileType = wrapper.framework; name = SystemConfiguration.framework; path = System/Library/Frameworks/SystemConfiguration.framework; sourceTree = SDKROOT; };
		D68AEEC21D1FF3EB00C7127D /* AudioToolbox.framework */ = {isa = PBXFileReference; lastKnownFileType = wrapper.framework; name = AudioToolbox.framework; path = System/Library/Frameworks/AudioToolbox.framework; sourceTree = SDKROOT; };
		D68AEEC41D1FF3FE00C7127D /* AddressBook.framework */ = {isa = PBXFileReference; lastKnownFileType = wrapper.framework; name = AddressBook.framework; path = System/Library/Frameworks/AddressBook.framework; sourceTree = SDKROOT; };
		D68AEEC61D1FF40600C7127D /* AVFoundation.framework */ = {isa = PBXFileReference; lastKnownFileType = wrapper.framework; name = AVFoundation.framework; path = System/Library/Frameworks/AVFoundation.framework; sourceTree = SDKROOT; };
		D68AEEC81D1FF41100C7127D /* CoreTelephony.framework */ = {isa = PBXFileReference; lastKnownFileType = wrapper.framework; name = CoreTelephony.framework; path = System/Library/Frameworks/CoreTelephony.framework; sourceTree = SDKROOT; };
		D68AEECA1D1FF42300C7127D /* CoreLocation.framework */ = {isa = PBXFileReference; lastKnownFileType = wrapper.framework; name = CoreLocation.framework; path = System/Library/Frameworks/CoreLocation.framework; sourceTree = SDKROOT; };
		D68AEECC1D1FF42B00C7127D /* libz.tbd */ = {isa = PBXFileReference; lastKnownFileType = "sourcecode.text-based-dylib-definition"; name = libz.tbd; path = usr/lib/libz.tbd; sourceTree = SDKROOT; };
		D6902C4D1D20BB3500395FB4 /* UserFileHandle.h */ = {isa = PBXFileReference; fileEncoding = 4; lastKnownFileType = sourcecode.c.h; path = UserFileHandle.h; sourceTree = "<group>"; };
		D6902C4E1D20BB3500395FB4 /* UserFileHandle.m */ = {isa = PBXFileReference; fileEncoding = 4; lastKnownFileType = sourcecode.c.objc; path = UserFileHandle.m; sourceTree = "<group>"; };
		D6902C501D20BC2900395FB4 /* FindPasswordController.h */ = {isa = PBXFileReference; fileEncoding = 4; lastKnownFileType = sourcecode.c.h; path = FindPasswordController.h; sourceTree = "<group>"; };
		D6902C511D20BC2900395FB4 /* FindPasswordController.m */ = {isa = PBXFileReference; fileEncoding = 4; lastKnownFileType = sourcecode.c.objc; path = FindPasswordController.m; sourceTree = "<group>"; };
		D6902C521D20BC2900395FB4 /* FindPasswordController.xib */ = {isa = PBXFileReference; fileEncoding = 4; lastKnownFileType = file.xib; path = FindPasswordController.xib; sourceTree = "<group>"; };
		D6A0F6C51D21012D0057CE15 /* imageDownloader.h */ = {isa = PBXFileReference; fileEncoding = 4; lastKnownFileType = sourcecode.c.h; path = imageDownloader.h; sourceTree = "<group>"; };
		D6A0F6C61D21012D0057CE15 /* imageDownloader.m */ = {isa = PBXFileReference; fileEncoding = 4; lastKnownFileType = sourcecode.c.objc; path = imageDownloader.m; sourceTree = "<group>"; };
		D6A0F6C81D211A050057CE15 /* SongDetailViewCell.h */ = {isa = PBXFileReference; fileEncoding = 4; lastKnownFileType = sourcecode.c.h; path = SongDetailViewCell.h; sourceTree = "<group>"; };
		D6A0F6C91D211A050057CE15 /* SongDetailViewCell.m */ = {isa = PBXFileReference; fileEncoding = 4; lastKnownFileType = sourcecode.c.objc; path = SongDetailViewCell.m; sourceTree = "<group>"; };
		D6A0F6CA1D211A050057CE15 /* SongDetailViewCell.xib */ = {isa = PBXFileReference; fileEncoding = 4; lastKnownFileType = file.xib; path = SongDetailViewCell.xib; sourceTree = "<group>"; };
		D6A0F6CD1D211BBC0057CE15 /* SongList.h */ = {isa = PBXFileReference; fileEncoding = 4; lastKnownFileType = sourcecode.c.h; path = SongList.h; sourceTree = "<group>"; };
		D6A0F6CE1D211BBC0057CE15 /* SongList.m */ = {isa = PBXFileReference; fileEncoding = 4; lastKnownFileType = sourcecode.c.objc; path = SongList.m; sourceTree = "<group>"; };
		D6A0F6D01D211DE10057CE15 /* SongPlayViewController.h */ = {isa = PBXFileReference; fileEncoding = 4; lastKnownFileType = sourcecode.c.h; path = SongPlayViewController.h; sourceTree = "<group>"; };
		D6A0F6D11D211DE10057CE15 /* SongPlayViewController.m */ = {isa = PBXFileReference; fileEncoding = 4; lastKnownFileType = sourcecode.c.objc; path = SongPlayViewController.m; sourceTree = "<group>"; };
		D6A0F6D21D211DE10057CE15 /* SongPlayViewController.xib */ = {isa = PBXFileReference; fileEncoding = 4; lastKnownFileType = file.xib; path = SongPlayViewController.xib; sourceTree = "<group>"; };
		D6D0119A1D1AAB7C0076477D /* NetWordRequestManager.h */ = {isa = PBXFileReference; fileEncoding = 4; lastKnownFileType = sourcecode.c.h; path = NetWordRequestManager.h; sourceTree = "<group>"; };
		D6D0119B1D1AAB7C0076477D /* NetWordRequestManager.m */ = {isa = PBXFileReference; fileEncoding = 4; lastKnownFileType = sourcecode.c.objc; path = NetWordRequestManager.m; sourceTree = "<group>"; };
		D6D0119E1D1AABB70076477D /* Singleton.h */ = {isa = PBXFileReference; fileEncoding = 4; lastKnownFileType = sourcecode.c.h; path = Singleton.h; sourceTree = "<group>"; };
		D6D0119F1D1AAC050076477D /* ArchiverHandle.h */ = {isa = PBXFileReference; fileEncoding = 4; lastKnownFileType = sourcecode.c.h; path = ArchiverHandle.h; sourceTree = "<group>"; };
		D6D011A01D1AAC050076477D /* ArchiverHandle.m */ = {isa = PBXFileReference; fileEncoding = 4; lastKnownFileType = sourcecode.c.objc; path = ArchiverHandle.m; sourceTree = "<group>"; };
		D6D011A21D1AACEA0076477D /* DB_URL.h */ = {isa = PBXFileReference; lastKnownFileType = sourcecode.c.h; path = DB_URL.h; sourceTree = "<group>"; };
		D6D011A31D1AAF570076477D /* Model.h */ = {isa = PBXFileReference; fileEncoding = 4; lastKnownFileType = sourcecode.c.h; path = Model.h; sourceTree = "<group>"; };
		D6D011A41D1AAF570076477D /* Model.m */ = {isa = PBXFileReference; fileEncoding = 4; lastKnownFileType = sourcecode.c.objc; path = Model.m; sourceTree = "<group>"; };
		D6D011A61D1AD3090076477D /* AppDelegate.h */ = {isa = PBXFileReference; fileEncoding = 4; lastKnownFileType = sourcecode.c.h; path = AppDelegate.h; sourceTree = "<group>"; };
		D6D011A71D1AD3090076477D /* AppDelegate.m */ = {isa = PBXFileReference; fileEncoding = 4; lastKnownFileType = sourcecode.c.objc; path = AppDelegate.m; sourceTree = "<group>"; };
		D6E2DF021D20BDA100DCBF0D /* SongCollectionViewCell.h */ = {isa = PBXFileReference; fileEncoding = 4; lastKnownFileType = sourcecode.c.h; path = SongCollectionViewCell.h; sourceTree = "<group>"; };
		D6E2DF031D20BDA100DCBF0D /* SongCollectionViewCell.m */ = {isa = PBXFileReference; fileEncoding = 4; lastKnownFileType = sourcecode.c.objc; path = SongCollectionViewCell.m; sourceTree = "<group>"; };
		D6E2DF041D20BDA100DCBF0D /* SongCollectionViewCell.xib */ = {isa = PBXFileReference; fileEncoding = 4; lastKnownFileType = file.xib; path = SongCollectionViewCell.xib; sourceTree = "<group>"; };
		D6E2DF071D20BFF400DCBF0D /* SongDetailViewController.h */ = {isa = PBXFileReference; fileEncoding = 4; lastKnownFileType = sourcecode.c.h; path = SongDetailViewController.h; sourceTree = "<group>"; };
		D6E2DF081D20BFF400DCBF0D /* SongDetailViewController.m */ = {isa = PBXFileReference; fileEncoding = 4; lastKnownFileType = sourcecode.c.objc; path = SongDetailViewController.m; sourceTree = "<group>"; };
		D6E2DF091D20BFF400DCBF0D /* SongDetailViewController.xib */ = {isa = PBXFileReference; fileEncoding = 4; lastKnownFileType = file.xib; path = SongDetailViewController.xib; sourceTree = "<group>"; };
		D6F456A01D1D846800C957B9 /* bigger.jpg */ = {isa = PBXFileReference; lastKnownFileType = image.jpeg; path = bigger.jpg; sourceTree = "<group>"; };
		D6F456A11D1D846800C957B9 /* head1.jpg */ = {isa = PBXFileReference; lastKnownFileType = image.jpeg; path = head1.jpg; sourceTree = "<group>"; };
		D6F456A21D1D846800C957B9 /* head2.jpg */ = {isa = PBXFileReference; lastKnownFileType = image.jpeg; path = head2.jpg; sourceTree = "<group>"; };
		D6F456A31D1D846800C957B9 /* head3.jpg */ = {isa = PBXFileReference; lastKnownFileType = image.jpeg; path = head3.jpg; sourceTree = "<group>"; };
		D6F456A41D1D846800C957B9 /* head4.jpg */ = {isa = PBXFileReference; lastKnownFileType = image.jpeg; path = head4.jpg; sourceTree = "<group>"; };
		D6F456A51D1D846800C957B9 /* head5.jpg */ = {isa = PBXFileReference; lastKnownFileType = image.jpeg; path = head5.jpg; sourceTree = "<group>"; };
		D6F456A61D1D846800C957B9 /* placeHold.png */ = {isa = PBXFileReference; lastKnownFileType = image.png; path = placeHold.png; sourceTree = "<group>"; };
		D6F456B01D1D84A100C957B9 /* TAAbstractDotView.h */ = {isa = PBXFileReference; fileEncoding = 4; lastKnownFileType = sourcecode.c.h; path = TAAbstractDotView.h; sourceTree = "<group>"; };
		D6F456B11D1D84A100C957B9 /* TAAbstractDotView.m */ = {isa = PBXFileReference; fileEncoding = 4; lastKnownFileType = sourcecode.c.objc; path = TAAbstractDotView.m; sourceTree = "<group>"; };
		D6F456B21D1D84A100C957B9 /* TAAnimatedDotView.h */ = {isa = PBXFileReference; fileEncoding = 4; lastKnownFileType = sourcecode.c.h; path = TAAnimatedDotView.h; sourceTree = "<group>"; };
		D6F456B31D1D84A100C957B9 /* TAAnimatedDotView.m */ = {isa = PBXFileReference; fileEncoding = 4; lastKnownFileType = sourcecode.c.objc; path = TAAnimatedDotView.m; sourceTree = "<group>"; };
		D6F456B41D1D84A100C957B9 /* TADotView.h */ = {isa = PBXFileReference; fileEncoding = 4; lastKnownFileType = sourcecode.c.h; path = TADotView.h; sourceTree = "<group>"; };
		D6F456B51D1D84A100C957B9 /* TADotView.m */ = {isa = PBXFileReference; fileEncoding = 4; lastKnownFileType = sourcecode.c.objc; path = TADotView.m; sourceTree = "<group>"; };
		D6F456B61D1D84A100C957B9 /* TAPageControl.h */ = {isa = PBXFileReference; fileEncoding = 4; lastKnownFileType = sourcecode.c.h; path = TAPageControl.h; sourceTree = "<group>"; };
		D6F456B71D1D84A100C957B9 /* TAPageControl.m */ = {isa = PBXFileReference; fileEncoding = 4; lastKnownFileType = sourcecode.c.objc; path = TAPageControl.m; sourceTree = "<group>"; };
		D6F456B81D1D84A100C957B9 /* SDCollectionViewCell.h */ = {isa = PBXFileReference; fileEncoding = 4; lastKnownFileType = sourcecode.c.h; path = SDCollectionViewCell.h; sourceTree = "<group>"; };
		D6F456B91D1D84A100C957B9 /* SDCollectionViewCell.m */ = {isa = PBXFileReference; fileEncoding = 4; lastKnownFileType = sourcecode.c.objc; path = SDCollectionViewCell.m; sourceTree = "<group>"; };
		D6F456BA1D1D84A100C957B9 /* SDCycleScrollView.h */ = {isa = PBXFileReference; fileEncoding = 4; lastKnownFileType = sourcecode.c.h; path = SDCycleScrollView.h; sourceTree = "<group>"; };
		D6F456BB1D1D84A100C957B9 /* SDCycleScrollView.m */ = {isa = PBXFileReference; fileEncoding = 4; lastKnownFileType = sourcecode.c.objc; path = SDCycleScrollView.m; sourceTree = "<group>"; };
		D6F456BC1D1D84A100C957B9 /* UIView+SDExtension.h */ = {isa = PBXFileReference; fileEncoding = 4; lastKnownFileType = sourcecode.c.h; path = "UIView+SDExtension.h"; sourceTree = "<group>"; };
		D6F456BD1D1D84A100C957B9 /* UIView+SDExtension.m */ = {isa = PBXFileReference; fileEncoding = 4; lastKnownFileType = sourcecode.c.objc; path = "UIView+SDExtension.m"; sourceTree = "<group>"; };
		D6F8F1E11D1CE8B700D39982 /* LoginViewController.h */ = {isa = PBXFileReference; fileEncoding = 4; lastKnownFileType = sourcecode.c.h; path = LoginViewController.h; sourceTree = "<group>"; };
		D6F8F1E21D1CE8B700D39982 /* LoginViewController.m */ = {isa = PBXFileReference; fileEncoding = 4; lastKnownFileType = sourcecode.c.objc; path = LoginViewController.m; sourceTree = "<group>"; };
		D6F8F1E31D1CE8B700D39982 /* LoginViewController.xib */ = {isa = PBXFileReference; fileEncoding = 4; lastKnownFileType = file.xib; path = LoginViewController.xib; sourceTree = "<group>"; };
		D6F8F1E41D1CE8B700D39982 /* RegistViewController.h */ = {isa = PBXFileReference; fileEncoding = 4; lastKnownFileType = sourcecode.c.h; path = RegistViewController.h; sourceTree = "<group>"; };
		D6F8F1E51D1CE8B700D39982 /* RegistViewController.m */ = {isa = PBXFileReference; fileEncoding = 4; lastKnownFileType = sourcecode.c.objc; path = RegistViewController.m; sourceTree = "<group>"; };
		D6F8F1E61D1CE8B700D39982 /* RegistViewController.xib */ = {isa = PBXFileReference; fileEncoding = 4; lastKnownFileType = file.xib; path = RegistViewController.xib; sourceTree = "<group>"; };
		D6F8F1E71D1CE8B700D39982 /* UserViewController.h */ = {isa = PBXFileReference; fileEncoding = 4; lastKnownFileType = sourcecode.c.h; path = UserViewController.h; sourceTree = "<group>"; };
		D6F8F1E81D1CE8B700D39982 /* UserViewController.m */ = {isa = PBXFileReference; fileEncoding = 4; lastKnownFileType = sourcecode.c.objc; path = UserViewController.m; sourceTree = "<group>"; };
		D6F8F1E91D1CE8B700D39982 /* UserViewController.xib */ = {isa = PBXFileReference; fileEncoding = 4; lastKnownFileType = file.xib; path = UserViewController.xib; sourceTree = "<group>"; };
		D6F8F1EB1D1CE8B700D39982 /* User.h */ = {isa = PBXFileReference; fileEncoding = 4; lastKnownFileType = sourcecode.c.h; path = User.h; sourceTree = "<group>"; };
		D6F8F1EC1D1CE8B700D39982 /* User.m */ = {isa = PBXFileReference; fileEncoding = 4; lastKnownFileType = sourcecode.c.objc; path = User.m; sourceTree = "<group>"; };
		D6F8F1EE1D1CE8B700D39982 /* CollectionCell.h */ = {isa = PBXFileReference; fileEncoding = 4; lastKnownFileType = sourcecode.c.h; path = CollectionCell.h; sourceTree = "<group>"; };
		D6F8F1EF1D1CE8B700D39982 /* CollectionCell.m */ = {isa = PBXFileReference; fileEncoding = 4; lastKnownFileType = sourcecode.c.objc; path = CollectionCell.m; sourceTree = "<group>"; };
		D6F8F1F01D1CE8B700D39982 /* CollectionCell.xib */ = {isa = PBXFileReference; fileEncoding = 4; lastKnownFileType = file.xib; path = CollectionCell.xib; sourceTree = "<group>"; };
		D6F8F1F11D1CE8B700D39982 /* CollectionView.h */ = {isa = PBXFileReference; fileEncoding = 4; lastKnownFileType = sourcecode.c.h; path = CollectionView.h; sourceTree = "<group>"; };
		D6F8F1F21D1CE8B700D39982 /* CollectionView.m */ = {isa = PBXFileReference; fileEncoding = 4; lastKnownFileType = sourcecode.c.objc; path = CollectionView.m; sourceTree = "<group>"; };
/* End PBXFileReference section */

/* Begin PBXFrameworksBuildPhase section */
		D632F4AE1D1A961E00F51C6F /* Frameworks */ = {
			isa = PBXFrameworksBuildPhase;
			buildActionMask = 2147483647;
			files = (
				D68AEECD1D1FF42B00C7127D /* libz.tbd in Frameworks */,
				D68AEECB1D1FF42300C7127D /* CoreLocation.framework in Frameworks */,
				D68AEEC91D1FF41100C7127D /* CoreTelephony.framework in Frameworks */,
				D68AEEC71D1FF40600C7127D /* AVFoundation.framework in Frameworks */,
				D68AEEC51D1FF3FE00C7127D /* AddressBook.framework in Frameworks */,
				D68AEEC31D1FF3EB00C7127D /* AudioToolbox.framework in Frameworks */,
				D68AEEC11D1FF3DF00C7127D /* SystemConfiguration.framework in Frameworks */,
				D68AEEBF1D1FF3D400C7127D /* QuartzCore.framework in Frameworks */,
				D68AEEBD1D1FF3CB00C7127D /* UIKit.framework in Frameworks */,
				D68AEEBB1D1FF3C100C7127D /* Foundation.framework in Frameworks */,
				D68AEEB91D1FF3B900C7127D /* CoreGraphics.framework in Frameworks */,
				D68AEEB71D1FEF8100C7127D /* iflyMSC.framework in Frameworks */,
				888747F673A017F33C64B30A /* libPods-UIProject.a in Frameworks */,
				D65FA9CD1D1D7D2D00D0CC3E /* libAPIStoreSDK.a in Frameworks */,
			);
			runOnlyForDeploymentPostprocessing = 0;
		};
/* End PBXFrameworksBuildPhase section */

/* Begin PBXGroup section */
		43C9EF205169BA820B42A223 /* Frameworks */ = {
			isa = PBXGroup;
			children = (
				D68AEECC1D1FF42B00C7127D /* libz.tbd */,
				D68AEECA1D1FF42300C7127D /* CoreLocation.framework */,
				D68AEEC81D1FF41100C7127D /* CoreTelephony.framework */,
				D68AEEC61D1FF40600C7127D /* AVFoundation.framework */,
				D68AEEC41D1FF3FE00C7127D /* AddressBook.framework */,
				D68AEEC21D1FF3EB00C7127D /* AudioToolbox.framework */,
				D68AEEC01D1FF3DF00C7127D /* SystemConfiguration.framework */,
				D68AEEBE1D1FF3D400C7127D /* QuartzCore.framework */,
				D68AEEBC1D1FF3CB00C7127D /* UIKit.framework */,
				D68AEEBA1D1FF3C100C7127D /* Foundation.framework */,
				D68AEEB81D1FF3B900C7127D /* CoreGraphics.framework */,
				D148C0058C63BBB5EBED6561 /* libPods-UIProject.a */,
			);
			name = Frameworks;
			sourceTree = "<group>";
		};
		C93799ED9227F6E02FF1D45E /* Pods */ = {
			isa = PBXGroup;
			children = (
				46C876A3E453B6AED68D8F6C /* Pods-UIProject.debug.xcconfig */,
				CEB045A6E1FBBA2D7546D596 /* Pods-UIProject.release.xcconfig */,
			);
			name = Pods;
			sourceTree = "<group>";
		};
		D632F4A81D1A961E00F51C6F = {
			isa = PBXGroup;
			children = (
				D6D011911D1AAB3D0076477D /* classes */,
				D632F4B31D1A961E00F51C6F /* UIProject */,
				D632F4B21D1A961E00F51C6F /* Products */,
				C93799ED9227F6E02FF1D45E /* Pods */,
				43C9EF205169BA820B42A223 /* Frameworks */,
			);
			sourceTree = "<group>";
		};
		D632F4B21D1A961E00F51C6F /* Products */ = {
			isa = PBXGroup;
			children = (
				D632F4B11D1A961E00F51C6F /* UIProject.app */,
			);
			name = Products;
			sourceTree = "<group>";
		};
		D632F4B31D1A961E00F51C6F /* UIProject */ = {
			isa = PBXGroup;
			children = (
				D64E58501D235C2900E96257 /* waterfall.plist */,
				D632F4BA1D1A961E00F51C6F /* ViewController.h */,
				D632F4BB1D1A961E00F51C6F /* ViewController.m */,
				D632F4BD1D1A961E00F51C6F /* Main.storyboard */,
				D632F4C01D1A961E00F51C6F /* Assets.xcassets */,
				D632F4C21D1A961E00F51C6F /* LaunchScreen.storyboard */,
				D632F4C51D1A961E00F51C6F /* Info.plist */,
				D632F4B41D1A961E00F51C6F /* Supporting Files */,
			);
			path = UIProject;
			sourceTree = "<group>";
		};
		D632F4B41D1A961E00F51C6F /* Supporting Files */ = {
			isa = PBXGroup;
			children = (
				D632F4B51D1A961E00F51C6F /* main.m */,
			);
			name = "Supporting Files";
			sourceTree = "<group>";
		};
		D65FA9CA1D1D7D2D00D0CC3E /* APIStoreSDK */ = {
			isa = PBXGroup;
			children = (
				D68AEEB61D1FEF8100C7127D /* iflyMSC.framework */,
				D65FA9CB1D1D7D2D00D0CC3E /* APIStoreSDK.h */,
				D65FA9CC1D1D7D2D00D0CC3E /* libAPIStoreSDK.a */,
			);
			path = APIStoreSDK;
			sourceTree = "<group>";
		};
		D67F0C2D1D22223E004B10DC /* EGORefreshView */ = {
			isa = PBXGroup;
			children = (
				D67F0C2E1D22223E004B10DC /* EGORefreshTableFooterView.h */,
				D67F0C2F1D22223E004B10DC /* EGORefreshTableFooterView.m */,
				D67F0C301D22223E004B10DC /* EGORefreshTableHeaderView.h */,
				D67F0C311D22223E004B10DC /* EGORefreshTableHeaderView.m */,
				D67F0C321D22223E004B10DC /* EGOViewCommon.h */,
			);
			path = EGORefreshView;
			sourceTree = "<group>";
		};
		D68AC7AC1D1BB28200EBB00B /* Secret */ = {
			isa = PBXGroup;
			children = (
				D68AC7AD1D1BB28200EBB00B /* Controller */,
				D68AC7AE1D1BB28200EBB00B /* Models */,
				D68AC7AF1D1BB28200EBB00B /* Views */,
			);
			path = Secret;
			sourceTree = "<group>";
		};
		D68AC7AD1D1BB28200EBB00B /* Controller */ = {
			isa = PBXGroup;
			children = (
				D64E58641D23F98A00E96257 /* ClassDetailViewController.h */,
				D64E58651D23F98A00E96257 /* ClassDetailViewController.m */,
				D64E58661D23F98A00E96257 /* ClassViewController.h */,
				D64E58671D23F98A00E96257 /* ClassViewController.m */,
				D64E58681D23F98A00E96257 /* CookDetailViewController.h */,
				D64E58691D23F98A00E96257 /* CookDetailViewController.m */,
				D64E586A1D23F98A00E96257 /* HealthDetailViewController.h */,
				D64E586B1D23F98A00E96257 /* HealthDetailViewController.m */,
				D64E586C1D23F98A00E96257 /* HealthViewController.h */,
				D64E586D1D23F98A00E96257 /* HealthViewController.m */,
				D64E586E1D23F98A00E96257 /* SecretViewController.h */,
				D64E586F1D23F98A00E96257 /* SecretViewController.m */,
				D64E58701D23F98A00E96257 /* SecretViewController.xib */,
				D64E58711D23F98A00E96257 /* ShareBabyViewController.h */,
				D64E58721D23F98A00E96257 /* ShareBabyViewController.m */,
			);
			path = Controller;
			sourceTree = "<group>";
		};
		D68AC7AE1D1BB28200EBB00B /* Models */ = {
			isa = PBXGroup;
			children = (
				D64E587B1D23F99600E96257 /* CookModel.h */,
				D64E587C1D23F99600E96257 /* CookModel.m */,
				D64E587D1D23F99600E96257 /* HealthModel.h */,
				D64E587E1D23F99600E96257 /* HealthModel.m */,
				D64E587F1D23F99600E96257 /* ListModel.h */,
				D64E58801D23F99600E96257 /* ListModel.m */,
				D64E58811D23F99600E96257 /* Secret.h */,
				D64E58821D23F99600E96257 /* Secret.m */,
				D64E58831D23F99600E96257 /* SheetModel.h */,
				D64E58841D23F99600E96257 /* SheetModel.m */,
				D64E58851D23F99600E96257 /* WaterfallModel.h */,
				D64E58861D23F99600E96257 /* WaterfallModel.m */,
			);
			path = Models;
			sourceTree = "<group>";
		};
		D68AC7AF1D1BB28200EBB00B /* Views */ = {
			isa = PBXGroup;
			children = (
				D64E588D1D23F9A600E96257 /* ClassTableViewCell.h */,
				D64E588E1D23F9A600E96257 /* ClassTableViewCell.m */,
				D64E588F1D23F9A600E96257 /* ClassTableViewCell.xib */,
				D64E58901D23F9A600E96257 /* CollectionViewCell.h */,
				D64E58911D23F9A600E96257 /* CollectionViewCell.m */,
				D64E58921D23F9A600E96257 /* CollectionViewCell.xib */,
				D64E58931D23F9A600E96257 /* FootCollectionReusableView.h */,
				D64E58941D23F9A600E96257 /* FootCollectionReusableView.m */,
				D64E58951D23F9A600E96257 /* HeadCollectionReusableView.h */,
				D64E58961D23F9A600E96257 /* HeadCollectionReusableView.m */,
				D64E58971D23F9A600E96257 /* HealthTableViewCell.h */,
				D64E58981D23F9A600E96257 /* HealthTableViewCell.m */,
				D64E58991D23F9A600E96257 /* HealthTableViewCell.xib */,
				D64E589A1D23F9A600E96257 /* RootView.h */,
				D64E589B1D23F9A600E96257 /* RootView.m */,
				D64E589C1D23F9A600E96257 /* SheetTableViewCell.h */,
				D64E589D1D23F9A600E96257 /* SheetTableViewCell.m */,
				D64E589E1D23F9A600E96257 /* SheetView.h */,
				D64E589F1D23F9A600E96257 /* SheetView.m */,
				D64E58A01D23F9A600E96257 /* WaterfallCollectionViewCell.h */,
				D64E58A11D23F9A600E96257 /* WaterfallCollectionViewCell.m */,
				D64E58A21D23F9A600E96257 /* WaterFallLayout.h */,
				D64E58A31D23F9A600E96257 /* WaterFallLayout.m */,
			);
			path = Views;
			sourceTree = "<group>";
		};
		D68AC7B01D1BB28200EBB00B /* Song */ = {
			isa = PBXGroup;
			children = (
				D68AC7B11D1BB28200EBB00B /* Controller */,
				D68AC7B21D1BB28300EBB00B /* Models */,
				D68AC7B31D1BB28300EBB00B /* Views */,
			);
			path = Song;
			sourceTree = "<group>";
		};
		D68AC7B11D1BB28200EBB00B /* Controller */ = {
			isa = PBXGroup;
			children = (
				D68AC7BD1D1BB2CB00EBB00B /* SongViewController.h */,
				D68AC7BE1D1BB2CB00EBB00B /* SongViewController.m */,
				D68AC7BF1D1BB2CB00EBB00B /* SongViewController.xib */,
				D6E2DF071D20BFF400DCBF0D /* SongDetailViewController.h */,
				D6E2DF081D20BFF400DCBF0D /* SongDetailViewController.m */,
				D6E2DF091D20BFF400DCBF0D /* SongDetailViewController.xib */,
				D6A0F6D01D211DE10057CE15 /* SongPlayViewController.h */,
				D6A0F6D11D211DE10057CE15 /* SongPlayViewController.m */,
				D6A0F6D21D211DE10057CE15 /* SongPlayViewController.xib */,
			);
			path = Controller;
			sourceTree = "<group>";
		};
		D68AC7B21D1BB28300EBB00B /* Models */ = {
			isa = PBXGroup;
			children = (
				D68AC7CA1D1BB35400EBB00B /* Song.h */,
				D68AC7CB1D1BB35400EBB00B /* Song.m */,
				D6A0F6CD1D211BBC0057CE15 /* SongList.h */,
				D6A0F6CE1D211BBC0057CE15 /* SongList.m */,
			);
			path = Models;
			sourceTree = "<group>";
		};
		D68AC7B31D1BB28300EBB00B /* Views */ = {
			isa = PBXGroup;
			children = (
				D65D90D11D20B974000E4432 /* SongCollectionView.h */,
				D65D90D21D20B974000E4432 /* SongCollectionView.m */,
				D6E2DF021D20BDA100DCBF0D /* SongCollectionViewCell.h */,
				D6E2DF031D20BDA100DCBF0D /* SongCollectionViewCell.m */,
				D6E2DF041D20BDA100DCBF0D /* SongCollectionViewCell.xib */,
				D6A0F6C81D211A050057CE15 /* SongDetailViewCell.h */,
				D6A0F6C91D211A050057CE15 /* SongDetailViewCell.m */,
				D6A0F6CA1D211A050057CE15 /* SongDetailViewCell.xib */,
			);
			path = Views;
			sourceTree = "<group>";
		};
		D68AC7B41D1BB28300EBB00B /* Travel */ = {
			isa = PBXGroup;
			children = (
				D68AC7B51D1BB28300EBB00B /* Controller */,
				D68AC7B61D1BB28300EBB00B /* Models */,
				D68AC7B71D1BB28300EBB00B /* Views */,
			);
			path = Travel;
			sourceTree = "<group>";
		};
		D68AC7B51D1BB28300EBB00B /* Controller */ = {
			isa = PBXGroup;
			children = (
				D658290B1D20D0960095A091 /* MapViewController.h */,
				D658290C1D20D0960095A091 /* MapViewController.m */,
				D658290D1D20D0960095A091 /* MapViewController.xib */,
				D65FA9AF1D1D78E000D0CC3E /* TravelViewController.h */,
				D65FA9B01D1D78E000D0CC3E /* TravelViewController.m */,
				D65FA9B11D1D78E000D0CC3E /* TravelViewController.xib */,
				D65FA9AA1D1D78CE00D0CC3E /* WhereViewController.h */,
				D65FA9AB1D1D78CE00D0CC3E /* WhereViewController.m */,
				D65FA9AC1D1D78CE00D0CC3E /* WhereViewController.xib */,
			);
			path = Controller;
			sourceTree = "<group>";
		};
		D68AC7B61D1BB28300EBB00B /* Models */ = {
			isa = PBXGroup;
			children = (
				D65FA9B81D1D78FF00D0CC3E /* Weather.h */,
				D65FA9B91D1D78FF00D0CC3E /* Weather.m */,
				D68AC7CD1D1BB37C00EBB00B /* Travel.h */,
				D68AC7CE1D1BB37C00EBB00B /* Travel.m */,
			);
			path = Models;
			sourceTree = "<group>";
		};
		D68AC7B71D1BB28300EBB00B /* Views */ = {
			isa = PBXGroup;
			children = (
				D65FA9C71D1D79CF00D0CC3E /* MessageView.h */,
				D65FA9C81D1D79CF00D0CC3E /* MessageView.m */,
			);
			path = Views;
			sourceTree = "<group>";
		};
		D68AC7D81D1BB50200EBB00B /* RootVC */ = {
			isa = PBXGroup;
			children = (
				D68AC7DC1D1BB58300EBB00B /* RootViewController.h */,
				D68AC7DD1D1BB58300EBB00B /* RootViewController.m */,
			);
			path = RootVC;
			sourceTree = "<group>";
		};
		D6D011911D1AAB3D0076477D /* classes */ = {
			isa = PBXGroup;
			children = (
				D65FA9CA1D1D7D2D00D0CC3E /* APIStoreSDK */,
				D6D011921D1AAB3D0076477D /* AppDelegate */,
				D6D011931D1AAB3D0076477D /* General */,
				D6D011941D1AAB3D0076477D /* Helper */,
				D6D011951D1AAB3D0076477D /* Marco */,
				D6D011961D1AAB3D0076477D /* Models */,
				D6D011971D1AAB3D0076477D /* Resources */,
				D6D011981D1AAB3D0076477D /* Sences */,
				D6D011991D1AAB3D0076477D /* Vendors */,
			);
			name = classes;
			path = UIProject/classes;
			sourceTree = "<group>";
		};
		D6D011921D1AAB3D0076477D /* AppDelegate */ = {
			isa = PBXGroup;
			children = (
				D6D011A61D1AD3090076477D /* AppDelegate.h */,
				D6D011A71D1AD3090076477D /* AppDelegate.m */,
				D68AC7D81D1BB50200EBB00B /* RootVC */,
			);
			path = AppDelegate;
			sourceTree = "<group>";
		};
		D6D011931D1AAB3D0076477D /* General */ = {
			isa = PBXGroup;
			children = (
				D65FA9BB1D1D793900D0CC3E /* NSString+JSON.h */,
				D65FA9BC1D1D793900D0CC3E /* NSString+JSON.m */,
				D646F42A1D1E1415008D21EE /* MBProgressHUD+GifHUD.h */,
				D646F42B1D1E1415008D21EE /* MBProgressHUD+GifHUD.m */,
			);
			path = General;
			sourceTree = "<group>";
		};
		D6D011941D1AAB3D0076477D /* Helper */ = {
			isa = PBXGroup;
			children = (
				D6D0119A1D1AAB7C0076477D /* NetWordRequestManager.h */,
				D6D0119B1D1AAB7C0076477D /* NetWordRequestManager.m */,
				D6D0119F1D1AAC050076477D /* ArchiverHandle.h */,
				D6D011A01D1AAC050076477D /* ArchiverHandle.m */,
				D6A0F6C51D21012D0057CE15 /* imageDownloader.h */,
				D6A0F6C61D21012D0057CE15 /* imageDownloader.m */,
				D6902C4D1D20BB3500395FB4 /* UserFileHandle.h */,
				D6902C4E1D20BB3500395FB4 /* UserFileHandle.m */,
			);
			path = Helper;
			sourceTree = "<group>";
		};
		D6D011951D1AAB3D0076477D /* Marco */ = {
			isa = PBXGroup;
			children = (
				D6D0119E1D1AABB70076477D /* Singleton.h */,
				D6D011A21D1AACEA0076477D /* DB_URL.h */,
			);
			path = Marco;
			sourceTree = "<group>";
		};
		D6D011961D1AAB3D0076477D /* Models */ = {
			isa = PBXGroup;
			children = (
				D6D011A31D1AAF570076477D /* Model.h */,
				D6D011A41D1AAF570076477D /* Model.m */,
			);
			path = Models;
			sourceTree = "<group>";
		};
		D6D011971D1AAB3D0076477D /* Resources */ = {
			isa = PBXGroup;
			children = (
				D67F0C351D2268D1004B10DC /* blackArrow.png */,
				D67F0C361D2268D1004B10DC /* blackArrow@2x.png */,
				D67F0C371D2268D1004B10DC /* blueArrow.png */,
				D67F0C381D2268D1004B10DC /* blueArrow@2x.png */,
				D67F0C391D2268D1004B10DC /* grayArrow.png */,
				D67F0C3A1D2268D1004B10DC /* grayArrow@2x.png */,
				D67F0C3B1D2268D1004B10DC /* whiteArrow.png */,
				D67F0C3C1D2268D1004B10DC /* whiteArrow@2x.png */,
				D67F0C2D1D22223E004B10DC /* EGORefreshView */,
				D6F456AE1D1D84A100C957B9 /* SDCycleScrollView */,
				D6F456A01D1D846800C957B9 /* bigger.jpg */,
				D646F42D1D1E1531008D21EE /* where.gif */,
				D646F42F1D1E1BFA008D21EE /* weather.gif */,
				D6F456A11D1D846800C957B9 /* head1.jpg */,
				D6F456A21D1D846800C957B9 /* head2.jpg */,
				D6F456A31D1D846800C957B9 /* head3.jpg */,
				D6F456A41D1D846800C957B9 /* head4.jpg */,
				D6F456A51D1D846800C957B9 /* head5.jpg */,
				D6F456A61D1D846800C957B9 /* placeHold.png */,
				D65FA99E1D1D786D00D0CC3E /* where1.png */,
				D65FA99F1D1D786D00D0CC3E /* 1.png */,
				D65FA9A01D1D786D00D0CC3E /* 11.png */,
				D65FA9A11D1D786D00D0CC3E /* go.png */,
				D65FA9A21D1D786D00D0CC3E /* 11副本.png */,
				D65FA9A31D1D786D00D0CC3E /* weather.jpeg */,
				D65FA9B41D1D78ED00D0CC3E /* weather1.jpeg */,
				D65FA9B51D1D78ED00D0CC3E /* where.png */,
			);
			path = Resources;
			sourceTree = "<group>";
		};
		D6D011981D1AAB3D0076477D /* Sences */ = {
			isa = PBXGroup;
			children = (
				D6F8F1DF1D1CE8B700D39982 /* User */,
				D68AC7AC1D1BB28200EBB00B /* Secret */,
				D68AC7B01D1BB28200EBB00B /* Song */,
				D68AC7B41D1BB28300EBB00B /* Travel */,
			);
			path = Sences;
			sourceTree = "<group>";
		};
		D6D011991D1AAB3D0076477D /* Vendors */ = {
			isa = PBXGroup;
			children = (
			);
			path = Vendors;
			sourceTree = "<group>";
		};
		D6F456AE1D1D84A100C957B9 /* SDCycleScrollView */ = {
			isa = PBXGroup;
			children = (
				D6F456AF1D1D84A100C957B9 /* PageControl */,
				D6F456B81D1D84A100C957B9 /* SDCollectionViewCell.h */,
				D6F456B91D1D84A100C957B9 /* SDCollectionViewCell.m */,
				D6F456BA1D1D84A100C957B9 /* SDCycleScrollView.h */,
				D6F456BB1D1D84A100C957B9 /* SDCycleScrollView.m */,
				D6F456BC1D1D84A100C957B9 /* UIView+SDExtension.h */,
				D6F456BD1D1D84A100C957B9 /* UIView+SDExtension.m */,
			);
			path = SDCycleScrollView;
			sourceTree = "<group>";
		};
		D6F456AF1D1D84A100C957B9 /* PageControl */ = {
			isa = PBXGroup;
			children = (
				D6F456B01D1D84A100C957B9 /* TAAbstractDotView.h */,
				D6F456B11D1D84A100C957B9 /* TAAbstractDotView.m */,
				D6F456B21D1D84A100C957B9 /* TAAnimatedDotView.h */,
				D6F456B31D1D84A100C957B9 /* TAAnimatedDotView.m */,
				D6F456B41D1D84A100C957B9 /* TADotView.h */,
				D6F456B51D1D84A100C957B9 /* TADotView.m */,
				D6F456B61D1D84A100C957B9 /* TAPageControl.h */,
				D6F456B71D1D84A100C957B9 /* TAPageControl.m */,
			);
			path = PageControl;
			sourceTree = "<group>";
		};
		D6F8F1DF1D1CE8B700D39982 /* User */ = {
			isa = PBXGroup;
			children = (
				D6F8F1E01D1CE8B700D39982 /* Controllers */,
				D6F8F1EA1D1CE8B700D39982 /* Models */,
				D6F8F1ED1D1CE8B700D39982 /* Views */,
			);
			path = User;
			sourceTree = "<group>";
		};
		D6F8F1E01D1CE8B700D39982 /* Controllers */ = {
			isa = PBXGroup;
			children = (
				D6F8F1E11D1CE8B700D39982 /* LoginViewController.h */,
				D6F8F1E21D1CE8B700D39982 /* LoginViewController.m */,
				D6F8F1E31D1CE8B700D39982 /* LoginViewController.xib */,
				D6F8F1E41D1CE8B700D39982 /* RegistViewController.h */,
				D6F8F1E51D1CE8B700D39982 /* RegistViewController.m */,
				D6F8F1E61D1CE8B700D39982 /* RegistViewController.xib */,
				D6F8F1E71D1CE8B700D39982 /* UserViewController.h */,
				D6F8F1E81D1CE8B700D39982 /* UserViewController.m */,
				D6F8F1E91D1CE8B700D39982 /* UserViewController.xib */,
				D6902C501D20BC2900395FB4 /* FindPasswordController.h */,
				D6902C511D20BC2900395FB4 /* FindPasswordController.m */,
				D6902C521D20BC2900395FB4 /* FindPasswordController.xib */,
				D66F07201D224E5D0072B3C5 /* UserDetailViewController.h */,
				D66F07211D224E5D0072B3C5 /* UserDetailViewController.m */,
				D66F07221D224E5D0072B3C5 /* UserDetailViewController.xib */,
			);
			path = Controllers;
			sourceTree = "<group>";
		};
		D6F8F1EA1D1CE8B700D39982 /* Models */ = {
			isa = PBXGroup;
			children = (
				D6F8F1EB1D1CE8B700D39982 /* User.h */,
				D6F8F1EC1D1CE8B700D39982 /* User.m */,
			);
			path = Models;
			sourceTree = "<group>";
		};
		D6F8F1ED1D1CE8B700D39982 /* Views */ = {
			isa = PBXGroup;
			children = (
				D6F8F1EE1D1CE8B700D39982 /* CollectionCell.h */,
				D6F8F1EF1D1CE8B700D39982 /* CollectionCell.m */,
				D6F8F1F01D1CE8B700D39982 /* CollectionCell.xib */,
				D6F8F1F11D1CE8B700D39982 /* CollectionView.h */,
				D6F8F1F21D1CE8B700D39982 /* CollectionView.m */,
				D677F30D1D23AA3E00C6AC26 /* ImageCell.h */,
				D677F30E1D23AA3E00C6AC26 /* ImageCell.m */,
				D677F30F1D23AA3E00C6AC26 /* ImageCell.xib */,
				D677F3121D23AA4E00C6AC26 /* NormalCell.h */,
				D677F3131D23AA4E00C6AC26 /* NormalCell.m */,
				D677F3141D23AA4E00C6AC26 /* NormalCell.xib */,
			);
			path = Views;
			sourceTree = "<group>";
		};
/* End PBXGroup section */

/* Begin PBXNativeTarget section */
		D632F4B01D1A961E00F51C6F /* UIProject */ = {
			isa = PBXNativeTarget;
			buildConfigurationList = D632F4C81D1A961E00F51C6F /* Build configuration list for PBXNativeTarget "UIProject" */;
			buildPhases = (
				5BE01AD4ED75166FF98025A5 /* 📦 Check Pods Manifest.lock */,
				D632F4AD1D1A961E00F51C6F /* Sources */,
				D632F4AE1D1A961E00F51C6F /* Frameworks */,
				D632F4AF1D1A961E00F51C6F /* Resources */,
				A33BE8A815BDB338C48FC683 /* 📦 Embed Pods Frameworks */,
				0D0E32D4C25803B1C3007A0A /* 📦 Copy Pods Resources */,
			);
			buildRules = (
			);
			dependencies = (
			);
			name = UIProject;
			productName = UIProject;
			productReference = D632F4B11D1A961E00F51C6F /* UIProject.app */;
			productType = "com.apple.product-type.application";
		};
/* End PBXNativeTarget section */

/* Begin PBXProject section */
		D632F4A91D1A961E00F51C6F /* Project object */ = {
			isa = PBXProject;
			attributes = {
				LastUpgradeCheck = 0720;
				ORGANIZATIONNAME = "王晓南";
				TargetAttributes = {
					D632F4B01D1A961E00F51C6F = {
						CreatedOnToolsVersion = 7.2;
					};
				};
			};
			buildConfigurationList = D632F4AC1D1A961E00F51C6F /* Build configuration list for PBXProject "UIProject" */;
			compatibilityVersion = "Xcode 3.2";
			developmentRegion = English;
			hasScannedForEncodings = 0;
			knownRegions = (
				en,
				Base,
			);
			mainGroup = D632F4A81D1A961E00F51C6F;
			productRefGroup = D632F4B21D1A961E00F51C6F /* Products */;
			projectDirPath = "";
			projectRoot = "";
			targets = (
				D632F4B01D1A961E00F51C6F /* UIProject */,
			);
		};
/* End PBXProject section */

/* Begin PBXResourcesBuildPhase section */
		D632F4AF1D1A961E00F51C6F /* Resources */ = {
			isa = PBXResourcesBuildPhase;
			buildActionMask = 2147483647;
			files = (
				D677F3111D23AA3E00C6AC26 /* ImageCell.xib in Resources */,
				D6F456AB1D1D846800C957B9 /* head4.jpg in Resources */,
				D67F0C421D2268D1004B10DC /* grayArrow@2x.png in Resources */,
				D65FA9A81D1D786D00D0CC3E /* 11副本.png in Resources */,
				D65FA9A91D1D786D00D0CC3E /* weather.jpeg in Resources */,
				D658290F1D20D0960095A091 /* MapViewController.xib in Resources */,
				D6902C541D20BC2900395FB4 /* FindPasswordController.xib in Resources */,
				D65FA9AE1D1D78CE00D0CC3E /* WhereViewController.xib in Resources */,
				D67F0C441D2268D1004B10DC /* whiteArrow@2x.png in Resources */,
				D6E2DF061D20BDA100DCBF0D /* SongCollectionViewCell.xib in Resources */,
				D6F8F1F81D1CE8B700D39982 /* UserViewController.xib in Resources */,
				D632F4C41D1A961E00F51C6F /* LaunchScreen.storyboard in Resources */,
				D6F456A71D1D846800C957B9 /* bigger.jpg in Resources */,
				D6E2DF0B1D20BFF400DCBF0D /* SongDetailViewController.xib in Resources */,
				D67F0C411D2268D1004B10DC /* grayArrow.png in Resources */,
				D6F8F1F61D1CE8B700D39982 /* RegistViewController.xib in Resources */,
				D64E58A51D23F9A600E96257 /* ClassTableViewCell.xib in Resources */,
				D6F456A91D1D846800C957B9 /* head2.jpg in Resources */,
				D6F456A81D1D846800C957B9 /* head1.jpg in Resources */,
				D65FA9B31D1D78E000D0CC3E /* TravelViewController.xib in Resources */,
				D65FA9A41D1D786D00D0CC3E /* where1.png in Resources */,
				D64E58AB1D23F9A600E96257 /* HealthTableViewCell.xib in Resources */,
				D6A0F6CC1D211A050057CE15 /* SongDetailViewCell.xib in Resources */,
				D646F42E1D1E1531008D21EE /* where.gif in Resources */,
				D64E58A71D23F9A600E96257 /* CollectionViewCell.xib in Resources */,
				D6F456AA1D1D846800C957B9 /* head3.jpg in Resources */,
				D6A0F6D41D211DE10057CE15 /* SongPlayViewController.xib in Resources */,
				D65FA9A61D1D786D00D0CC3E /* 11.png in Resources */,
				D677F3161D23AA4E00C6AC26 /* NormalCell.xib in Resources */,
				D67F0C431D2268D1004B10DC /* whiteArrow.png in Resources */,
				D646F4301D1E1BFA008D21EE /* weather.gif in Resources */,
				D65FA9A51D1D786D00D0CC3E /* 1.png in Resources */,
				D6F456AC1D1D846800C957B9 /* head5.jpg in Resources */,
				D67F0C401D2268D1004B10DC /* blueArrow@2x.png in Resources */,
				D68AC7C11D1BB2CB00EBB00B /* SongViewController.xib in Resources */,
				D67F0C3F1D2268D1004B10DC /* blueArrow.png in Resources */,
				D67F0C3D1D2268D1004B10DC /* blackArrow.png in Resources */,
				D66F07241D224E5D0072B3C5 /* UserDetailViewController.xib in Resources */,
				D6F8F1F41D1CE8B700D39982 /* LoginViewController.xib in Resources */,
				D64E58791D23F98A00E96257 /* SecretViewController.xib in Resources */,
				D65FA9B71D1D78ED00D0CC3E /* where.png in Resources */,
				D65FA9A71D1D786D00D0CC3E /* go.png in Resources */,
				D65FA9B61D1D78ED00D0CC3E /* weather1.jpeg in Resources */,
				D6F456AD1D1D846800C957B9 /* placeHold.png in Resources */,
				D632F4C11D1A961E00F51C6F /* Assets.xcassets in Resources */,
				D632F4BF1D1A961E00F51C6F /* Main.storyboard in Resources */,
				D6F8F1FB1D1CE8B700D39982 /* CollectionCell.xib in Resources */,
				D67F0C3E1D2268D1004B10DC /* blackArrow@2x.png in Resources */,
				D64E58511D235C2900E96257 /* waterfall.plist in Resources */,
			);
			runOnlyForDeploymentPostprocessing = 0;
		};
/* End PBXResourcesBuildPhase section */

/* Begin PBXShellScriptBuildPhase section */
		0D0E32D4C25803B1C3007A0A /* 📦 Copy Pods Resources */ = {
			isa = PBXShellScriptBuildPhase;
			buildActionMask = 2147483647;
			files = (
			);
			inputPaths = (
			);
			name = "📦 Copy Pods Resources";
			outputPaths = (
			);
			runOnlyForDeploymentPostprocessing = 0;
			shellPath = /bin/sh;
			shellScript = "\"${SRCROOT}/Pods/Target Support Files/Pods-UIProject/Pods-UIProject-resources.sh\"\n";
			showEnvVarsInLog = 0;
		};
		5BE01AD4ED75166FF98025A5 /* 📦 Check Pods Manifest.lock */ = {
			isa = PBXShellScriptBuildPhase;
			buildActionMask = 2147483647;
			files = (
			);
			inputPaths = (
			);
			name = "📦 Check Pods Manifest.lock";
			outputPaths = (
			);
			runOnlyForDeploymentPostprocessing = 0;
			shellPath = /bin/sh;
			shellScript = "diff \"${PODS_ROOT}/../Podfile.lock\" \"${PODS_ROOT}/Manifest.lock\" > /dev/null\nif [[ $? != 0 ]] ; then\n    cat << EOM\nerror: The sandbox is not in sync with the Podfile.lock. Run 'pod install' or update your CocoaPods installation.\nEOM\n    exit 1\nfi\n";
			showEnvVarsInLog = 0;
		};
		A33BE8A815BDB338C48FC683 /* 📦 Embed Pods Frameworks */ = {
			isa = PBXShellScriptBuildPhase;
			buildActionMask = 2147483647;
			files = (
			);
			inputPaths = (
			);
			name = "📦 Embed Pods Frameworks";
			outputPaths = (
			);
			runOnlyForDeploymentPostprocessing = 0;
			shellPath = /bin/sh;
			shellScript = "\"${SRCROOT}/Pods/Target Support Files/Pods-UIProject/Pods-UIProject-frameworks.sh\"\n";
			showEnvVarsInLog = 0;
		};
/* End PBXShellScriptBuildPhase section */

/* Begin PBXSourcesBuildPhase section */
		D632F4AD1D1A961E00F51C6F /* Sources */ = {
			isa = PBXSourcesBuildPhase;
			buildActionMask = 2147483647;
			files = (
				D64E58AC1D23F9A600E96257 /* RootView.m in Sources */,
				D64E58AF1D23F9A600E96257 /* WaterfallCollectionViewCell.m in Sources */,
				D6902C4F1D20BB3500395FB4 /* UserFileHandle.m in Sources */,
				D64E58A81D23F9A600E96257 /* FootCollectionReusableView.m in Sources */,
				D64E58871D23F99600E96257 /* CookModel.m in Sources */,
				D64E58741D23F98A00E96257 /* ClassViewController.m in Sources */,
				D67F0C331D22223E004B10DC /* EGORefreshTableFooterView.m in Sources */,
				D64E588C1D23F99600E96257 /* WaterfallModel.m in Sources */,
				D65FA9C91D1D79CF00D0CC3E /* MessageView.m in Sources */,
				D64E58A61D23F9A600E96257 /* CollectionViewCell.m in Sources */,
				D68AC7CC1D1BB35400EBB00B /* Song.m in Sources */,
				D68AC7C01D1BB2CB00EBB00B /* SongViewController.m in Sources */,
				D67F0C341D22223E004B10DC /* EGORefreshTableHeaderView.m in Sources */,
				D68AC7DE1D1BB58300EBB00B /* RootViewController.m in Sources */,
				D65FA9BD1D1D793900D0CC3E /* NSString+JSON.m in Sources */,
				D632F4BC1D1A961E00F51C6F /* ViewController.m in Sources */,
				D6A0F6CB1D211A050057CE15 /* SongDetailViewCell.m in Sources */,
				D658290E1D20D0960095A091 /* MapViewController.m in Sources */,
				D64E58771D23F98A00E96257 /* HealthViewController.m in Sources */,
				D6F456BE1D1D84A100C957B9 /* TAAbstractDotView.m in Sources */,
				D6D0119C1D1AAB7C0076477D /* NetWordRequestManager.m in Sources */,
				D646F42C1D1E1415008D21EE /* MBProgressHUD+GifHUD.m in Sources */,
				D64E58761D23F98A00E96257 /* HealthDetailViewController.m in Sources */,
				D64E58AA1D23F9A600E96257 /* HealthTableViewCell.m in Sources */,
				D6F8F1F51D1CE8B700D39982 /* RegistViewController.m in Sources */,
				D64E58B01D23F9A600E96257 /* WaterFallLayout.m in Sources */,
				D6D011A51D1AAF570076477D /* Model.m in Sources */,
				D6D011A11D1AAC050076477D /* ArchiverHandle.m in Sources */,
				D6F8F1F71D1CE8B700D39982 /* UserViewController.m in Sources */,
				D64E58A91D23F9A600E96257 /* HeadCollectionReusableView.m in Sources */,
				D64E58751D23F98A00E96257 /* CookDetailViewController.m in Sources */,
				D64E58A41D23F9A600E96257 /* ClassTableViewCell.m in Sources */,
				D64E58781D23F98A00E96257 /* SecretViewController.m in Sources */,
				D6A0F6C71D21012D0057CE15 /* imageDownloader.m in Sources */,
				D6E2DF0A1D20BFF400DCBF0D /* SongDetailViewController.m in Sources */,
				D65FA9BA1D1D78FF00D0CC3E /* Weather.m in Sources */,
				D6F8F1F31D1CE8B700D39982 /* LoginViewController.m in Sources */,
				D6F8F1FA1D1CE8B700D39982 /* CollectionCell.m in Sources */,
				D64E58AE1D23F9A600E96257 /* SheetView.m in Sources */,
				D632F4B61D1A961E00F51C6F /* main.m in Sources */,
				D64E587A1D23F98A00E96257 /* ShareBabyViewController.m in Sources */,
				D65FA9AD1D1D78CE00D0CC3E /* WhereViewController.m in Sources */,
				D677F3151D23AA4E00C6AC26 /* NormalCell.m in Sources */,
				D64E58AD1D23F9A600E96257 /* SheetTableViewCell.m in Sources */,
				D6F456C31D1D84A100C957B9 /* SDCycleScrollView.m in Sources */,
				D6F456C01D1D84A100C957B9 /* TADotView.m in Sources */,
				D6E2DF051D20BDA100DCBF0D /* SongCollectionViewCell.m in Sources */,
				D65FA9B21D1D78E000D0CC3E /* TravelViewController.m in Sources */,
				D6390A261D1E6171003F1964 /* HealthTableViewCell.m in Sources */,
				D677F3101D23AA3E00C6AC26 /* ImageCell.m in Sources */,
				D6390A2A1D1E7E01003F1964 /* ClassDetailViewController.m in Sources */,
				D6F456C11D1D84A100C957B9 /* TAPageControl.m in Sources */,
				D64E58881D23F99600E96257 /* HealthModel.m in Sources */,
				D6A0F6D31D211DE10057CE15 /* SongPlayViewController.m in Sources */,
				D68AC7CF1D1BB37C00EBB00B /* Travel.m in Sources */,
				D6A0F6CF1D211BBC0057CE15 /* SongList.m in Sources */,
				D6F8F1F91D1CE8B700D39982 /* User.m in Sources */,
				D64E58731D23F98A00E96257 /* ClassDetailViewController.m in Sources */,
				D64E58891D23F99600E96257 /* ListModel.m in Sources */,
				D6F456BF1D1D84A100C957B9 /* TAAnimatedDotView.m in Sources */,
				D66F07231D224E5D0072B3C5 /* UserDetailViewController.m in Sources */,
				D6902C531D20BC2900395FB4 /* FindPasswordController.m in Sources */,
				D6F456C21D1D84A100C957B9 /* SDCollectionViewCell.m in Sources */,
				D6F8F1FC1D1CE8B700D39982 /* CollectionView.m in Sources */,
				D64E588A1D23F99600E96257 /* Secret.m in Sources */,
				D65D90D31D20B974000E4432 /* SongCollectionView.m in Sources */,
				D64E588B1D23F99600E96257 /* SheetModel.m in Sources */,
				D6D011A81D1AD3090076477D /* AppDelegate.m in Sources */,
				D6F456C41D1D84A100C957B9 /* UIView+SDExtension.m in Sources */,
			);
			runOnlyForDeploymentPostprocessing = 0;
		};
/* End PBXSourcesBuildPhase section */

/* Begin PBXVariantGroup section */
		D632F4BD1D1A961E00F51C6F /* Main.storyboard */ = {
			isa = PBXVariantGroup;
			children = (
				D632F4BE1D1A961E00F51C6F /* Base */,
			);
			name = Main.storyboard;
			sourceTree = "<group>";
		};
		D632F4C21D1A961E00F51C6F /* LaunchScreen.storyboard */ = {
			isa = PBXVariantGroup;
			children = (
				D632F4C31D1A961E00F51C6F /* Base */,
			);
			name = LaunchScreen.storyboard;
			sourceTree = "<group>";
		};
/* End PBXVariantGroup section */

/* Begin XCBuildConfiguration section */
		D632F4C61D1A961E00F51C6F /* Debug */ = {
			isa = XCBuildConfiguration;
			buildSettings = {
				ALWAYS_SEARCH_USER_PATHS = NO;
				CLANG_CXX_LANGUAGE_STANDARD = "gnu++0x";
				CLANG_CXX_LIBRARY = "libc++";
				CLANG_ENABLE_MODULES = YES;
				CLANG_ENABLE_OBJC_ARC = YES;
				CLANG_WARN_BOOL_CONVERSION = YES;
				CLANG_WARN_CONSTANT_CONVERSION = YES;
				CLANG_WARN_DIRECT_OBJC_ISA_USAGE = YES_ERROR;
				CLANG_WARN_EMPTY_BODY = YES;
				CLANG_WARN_ENUM_CONVERSION = YES;
				CLANG_WARN_INT_CONVERSION = YES;
				CLANG_WARN_OBJC_ROOT_CLASS = YES_ERROR;
				CLANG_WARN_UNREACHABLE_CODE = YES;
				CLANG_WARN__DUPLICATE_METHOD_MATCH = YES;
				"CODE_SIGN_IDENTITY[sdk=iphoneos*]" = "iPhone Developer";
				COPY_PHASE_STRIP = NO;
				DEBUG_INFORMATION_FORMAT = dwarf;
				ENABLE_STRICT_OBJC_MSGSEND = YES;
				ENABLE_TESTABILITY = YES;
				GCC_C_LANGUAGE_STANDARD = gnu99;
				GCC_DYNAMIC_NO_PIC = NO;
				GCC_NO_COMMON_BLOCKS = YES;
				GCC_OPTIMIZATION_LEVEL = 0;
				GCC_PREPROCESSOR_DEFINITIONS = (
					"DEBUG=1",
					"$(inherited)",
				);
				GCC_WARN_64_TO_32_BIT_CONVERSION = YES;
				GCC_WARN_ABOUT_RETURN_TYPE = YES_ERROR;
				GCC_WARN_UNDECLARED_SELECTOR = YES;
				GCC_WARN_UNINITIALIZED_AUTOS = YES_AGGRESSIVE;
				GCC_WARN_UNUSED_FUNCTION = YES;
				GCC_WARN_UNUSED_VARIABLE = YES;
				IPHONEOS_DEPLOYMENT_TARGET = 9.2;
				MTL_ENABLE_DEBUG_INFO = YES;
				ONLY_ACTIVE_ARCH = YES;
				SDKROOT = iphoneos;
			};
			name = Debug;
		};
		D632F4C71D1A961E00F51C6F /* Release */ = {
			isa = XCBuildConfiguration;
			buildSettings = {
				ALWAYS_SEARCH_USER_PATHS = NO;
				CLANG_CXX_LANGUAGE_STANDARD = "gnu++0x";
				CLANG_CXX_LIBRARY = "libc++";
				CLANG_ENABLE_MODULES = YES;
				CLANG_ENABLE_OBJC_ARC = YES;
				CLANG_WARN_BOOL_CONVERSION = YES;
				CLANG_WARN_CONSTANT_CONVERSION = YES;
				CLANG_WARN_DIRECT_OBJC_ISA_USAGE = YES_ERROR;
				CLANG_WARN_EMPTY_BODY = YES;
				CLANG_WARN_ENUM_CONVERSION = YES;
				CLANG_WARN_INT_CONVERSION = YES;
				CLANG_WARN_OBJC_ROOT_CLASS = YES_ERROR;
				CLANG_WARN_UNREACHABLE_CODE = YES;
				CLANG_WARN__DUPLICATE_METHOD_MATCH = YES;
				"CODE_SIGN_IDENTITY[sdk=iphoneos*]" = "iPhone Developer";
				COPY_PHASE_STRIP = NO;
				DEBUG_INFORMATION_FORMAT = "dwarf-with-dsym";
				ENABLE_NS_ASSERTIONS = NO;
				ENABLE_STRICT_OBJC_MSGSEND = YES;
				GCC_C_LANGUAGE_STANDARD = gnu99;
				GCC_NO_COMMON_BLOCKS = YES;
				GCC_WARN_64_TO_32_BIT_CONVERSION = YES;
				GCC_WARN_ABOUT_RETURN_TYPE = YES_ERROR;
				GCC_WARN_UNDECLARED_SELECTOR = YES;
				GCC_WARN_UNINITIALIZED_AUTOS = YES_AGGRESSIVE;
				GCC_WARN_UNUSED_FUNCTION = YES;
				GCC_WARN_UNUSED_VARIABLE = YES;
				IPHONEOS_DEPLOYMENT_TARGET = 9.2;
				MTL_ENABLE_DEBUG_INFO = NO;
				SDKROOT = iphoneos;
				VALIDATE_PRODUCT = YES;
			};
			name = Release;
		};
		D632F4C91D1A961E00F51C6F /* Debug */ = {
			isa = XCBuildConfiguration;
			baseConfigurationReference = 46C876A3E453B6AED68D8F6C /* Pods-UIProject.debug.xcconfig */;
			buildSettings = {
				ASSETCATALOG_COMPILER_APPICON_NAME = AppIcon;
				CODE_SIGN_IDENTITY = "iPhone Developer";
				"CODE_SIGN_IDENTITY[sdk=iphoneos*]" = "iPhone Developer";
				ENABLE_BITCODE = NO;
				FRAMEWORK_SEARCH_PATHS = (
					"$(inherited)",
					"$(PROJECT_DIR)/UIProject/classes/APIStoreSDK",
				);
				INFOPLIST_FILE = UIProject/Info.plist;
				IPHONEOS_DEPLOYMENT_TARGET = 9.2;
				LD_RUNPATH_SEARCH_PATHS = "$(inherited) @executable_path/Frameworks";
				LIBRARY_SEARCH_PATHS = (
					"$(inherited)",
					"$(PROJECT_DIR)/UIProject/classes/APIStoreSDK",
				);
				PRODUCT_BUNDLE_IDENTIFIER = com.south.TallBigHigh;
				PRODUCT_NAME = "$(TARGET_NAME)";
				PROVISIONING_PROFILE = "";
			};
			name = Debug;
		};
		D632F4CA1D1A961E00F51C6F /* Release */ = {
			isa = XCBuildConfiguration;
			baseConfigurationReference = CEB045A6E1FBBA2D7546D596 /* Pods-UIProject.release.xcconfig */;
			buildSettings = {
				ASSETCATALOG_COMPILER_APPICON_NAME = AppIcon;
				CODE_SIGN_IDENTITY = "iPhone Developer";
				"CODE_SIGN_IDENTITY[sdk=iphoneos*]" = "iPhone Developer";
				ENABLE_BITCODE = NO;
				FRAMEWORK_SEARCH_PATHS = (
					"$(inherited)",
					"$(PROJECT_DIR)/UIProject/classes/APIStoreSDK",
				);
				INFOPLIST_FILE = UIProject/Info.plist;
				IPHONEOS_DEPLOYMENT_TARGET = 9.2;
				LD_RUNPATH_SEARCH_PATHS = "$(inherited) @executable_path/Frameworks";
				LIBRARY_SEARCH_PATHS = (
					"$(inherited)",
					"$(PROJECT_DIR)/UIProject/classes/APIStoreSDK",
				);
				PRODUCT_BUNDLE_IDENTIFIER = com.south.TallBigHigh;
				PRODUCT_NAME = "$(TARGET_NAME)";
				PROVISIONING_PROFILE = "";
			};
			name = Release;
		};
/* End XCBuildConfiguration section */

/* Begin XCConfigurationList section */
		D632F4AC1D1A961E00F51C6F /* Build configuration list for PBXProject "UIProject" */ = {
			isa = XCConfigurationList;
			buildConfigurations = (
				D632F4C61D1A961E00F51C6F /* Debug */,
				D632F4C71D1A961E00F51C6F /* Release */,
			);
			defaultConfigurationIsVisible = 0;
			defaultConfigurationName = Release;
		};
		D632F4C81D1A961E00F51C6F /* Build configuration list for PBXNativeTarget "UIProject" */ = {
			isa = XCConfigurationList;
			buildConfigurations = (
				D632F4C91D1A961E00F51C6F /* Debug */,
				D632F4CA1D1A961E00F51C6F /* Release */,
			);
			defaultConfigurationIsVisible = 0;
			defaultConfigurationName = Release;
		};
/* End XCConfigurationList section */
	};
	rootObject = D632F4A91D1A961E00F51C6F /* Project object */;
}
