// !$*UTF8*$!
{
	archiveVersion = 1;
	classes = {
	};
	objectVersion = 46;
	objects = {

/* Begin PBXBuildFile section */
		D632F4B61D1A961E00F51C6F /* main.m in Sources */ = {isa = PBXBuildFile; fileRef = D632F4B51D1A961E00F51C6F /* main.m */; };
		D632F4B91D1A961E00F51C6F /* AppDelegate.m in Sources */ = {isa = PBXBuildFile; fileRef = D632F4B81D1A961E00F51C6F /* AppDelegate.m */; };
		D632F4BC1D1A961E00F51C6F /* ViewController.m in Sources */ = {isa = PBXBuildFile; fileRef = D632F4BB1D1A961E00F51C6F /* ViewController.m */; };
		D632F4BF1D1A961E00F51C6F /* Main.storyboard in Resources */ = {isa = PBXBuildFile; fileRef = D632F4BD1D1A961E00F51C6F /* Main.storyboard */; };
		D632F4C11D1A961E00F51C6F /* Assets.xcassets in Resources */ = {isa = PBXBuildFile; fileRef = D632F4C01D1A961E00F51C6F /* Assets.xcassets */; };
		D632F4C41D1A961E00F51C6F /* LaunchScreen.storyboard in Resources */ = {isa = PBXBuildFile; fileRef = D632F4C21D1A961E00F51C6F /* LaunchScreen.storyboard */; };
		D6D0119C1D1AAB7C0076477D /* NetWordRequestManager.m in Sources */ = {isa = PBXBuildFile; fileRef = D6D0119B1D1AAB7C0076477D /* NetWordRequestManager.m */; };
		D6D011A11D1AAC050076477D /* ArchiverHandle.m in Sources */ = {isa = PBXBuildFile; fileRef = D6D011A01D1AAC050076477D /* ArchiverHandle.m */; };
/* End PBXBuildFile section */

/* Begin PBXFileReference section */
		D632F4B11D1A961E00F51C6F /* UIProject.app */ = {isa = PBXFileReference; explicitFileType = wrapper.application; includeInIndex = 0; path = UIProject.app; sourceTree = BUILT_PRODUCTS_DIR; };
		D632F4B51D1A961E00F51C6F /* main.m */ = {isa = PBXFileReference; lastKnownFileType = sourcecode.c.objc; path = main.m; sourceTree = "<group>"; };
		D632F4B71D1A961E00F51C6F /* AppDelegate.h */ = {isa = PBXFileReference; lastKnownFileType = sourcecode.c.h; path = AppDelegate.h; sourceTree = "<group>"; };
		D632F4B81D1A961E00F51C6F /* AppDelegate.m */ = {isa = PBXFileReference; lastKnownFileType = sourcecode.c.objc; path = AppDelegate.m; sourceTree = "<group>"; };
		D632F4BA1D1A961E00F51C6F /* ViewController.h */ = {isa = PBXFileReference; lastKnownFileType = sourcecode.c.h; path = ViewController.h; sourceTree = "<group>"; };
		D632F4BB1D1A961E00F51C6F /* ViewController.m */ = {isa = PBXFileReference; lastKnownFileType = sourcecode.c.objc; path = ViewController.m; sourceTree = "<group>"; };
		D632F4BE1D1A961E00F51C6F /* Base */ = {isa = PBXFileReference; lastKnownFileType = file.storyboard; name = Base; path = Base.lproj/Main.storyboard; sourceTree = "<group>"; };
		D632F4C01D1A961E00F51C6F /* Assets.xcassets */ = {isa = PBXFileReference; lastKnownFileType = folder.assetcatalog; path = Assets.xcassets; sourceTree = "<group>"; };
		D632F4C31D1A961E00F51C6F /* Base */ = {isa = PBXFileReference; lastKnownFileType = file.storyboard; name = Base; path = Base.lproj/LaunchScreen.storyboard; sourceTree = "<group>"; };
		D632F4C51D1A961E00F51C6F /* Info.plist */ = {isa = PBXFileReference; lastKnownFileType = text.plist.xml; path = Info.plist; sourceTree = "<group>"; };
		D6D0119A1D1AAB7C0076477D /* NetWordRequestManager.h */ = {isa = PBXFileReference; fileEncoding = 4; lastKnownFileType = sourcecode.c.h; path = NetWordRequestManager.h; sourceTree = "<group>"; };
		D6D0119B1D1AAB7C0076477D /* NetWordRequestManager.m */ = {isa = PBXFileReference; fileEncoding = 4; lastKnownFileType = sourcecode.c.objc; path = NetWordRequestManager.m; sourceTree = "<group>"; };
		D6D0119E1D1AABB70076477D /* Singleton.h */ = {isa = PBXFileReference; fileEncoding = 4; lastKnownFileType = sourcecode.c.h; path = Singleton.h; sourceTree = "<group>"; };
		D6D0119F1D1AAC050076477D /* ArchiverHandle.h */ = {isa = PBXFileReference; fileEncoding = 4; lastKnownFileType = sourcecode.c.h; path = ArchiverHandle.h; sourceTree = "<group>"; };
		D6D011A01D1AAC050076477D /* ArchiverHandle.m */ = {isa = PBXFileReference; fileEncoding = 4; lastKnownFileType = sourcecode.c.objc; path = ArchiverHandle.m; sourceTree = "<group>"; };
/* End PBXFileReference section */

/* Begin PBXFrameworksBuildPhase section */
		D632F4AE1D1A961E00F51C6F /* Frameworks */ = {
			isa = PBXFrameworksBuildPhase;
			buildActionMask = 2147483647;
			files = (
			);
			runOnlyForDeploymentPostprocessing = 0;
		};
/* End PBXFrameworksBuildPhase section */

/* Begin PBXGroup section */
		D632F4A81D1A961E00F51C6F = {
			isa = PBXGroup;
			children = (
				D6D011911D1AAB3D0076477D /* classes */,
				D632F4B31D1A961E00F51C6F /* UIProject */,
				D632F4B21D1A961E00F51C6F /* Products */,
			);
			sourceTree = "<group>";
		};
		D632F4B21D1A961E00F51C6F /* Products */ = {
			isa = PBXGroup;
			children = (
				D632F4B11D1A961E00F51C6F /* UIProject.app */,
			);
			name = Products;
			sourceTree = "<group>";
		};
		D632F4B31D1A961E00F51C6F /* UIProject */ = {
			isa = PBXGroup;
			children = (
				D632F4B71D1A961E00F51C6F /* AppDelegate.h */,
				D632F4B81D1A961E00F51C6F /* AppDelegate.m */,
				D632F4BA1D1A961E00F51C6F /* ViewController.h */,
				D632F4BB1D1A961E00F51C6F /* ViewController.m */,
				D632F4BD1D1A961E00F51C6F /* Main.storyboard */,
				D632F4C01D1A961E00F51C6F /* Assets.xcassets */,
				D632F4C21D1A961E00F51C6F /* LaunchScreen.storyboard */,
				D632F4C51D1A961E00F51C6F /* Info.plist */,
				D632F4B41D1A961E00F51C6F /* Supporting Files */,
			);
			path = UIProject;
			sourceTree = "<group>";
		};
		D632F4B41D1A961E00F51C6F /* Supporting Files */ = {
			isa = PBXGroup;
			children = (
				D632F4B51D1A961E00F51C6F /* main.m */,
			);
			name = "Supporting Files";
			sourceTree = "<group>";
		};
		D6D011911D1AAB3D0076477D /* classes */ = {
			isa = PBXGroup;
			children = (
				D6D011921D1AAB3D0076477D /* AppDelegate */,
				D6D011931D1AAB3D0076477D /* General */,
				D6D011941D1AAB3D0076477D /* Helper */,
				D6D011951D1AAB3D0076477D /* Marco */,
				D6D011961D1AAB3D0076477D /* Models */,
				D6D011971D1AAB3D0076477D /* Resources */,
				D6D011981D1AAB3D0076477D /* Sences */,
				D6D011991D1AAB3D0076477D /* Vendors */,
			);
			name = classes;
			path = UIProject/classes;
			sourceTree = "<group>";
		};
		D6D011921D1AAB3D0076477D /* AppDelegate */ = {
			isa = PBXGroup;
			children = (
			);
			path = AppDelegate;
			sourceTree = "<group>";
		};
		D6D011931D1AAB3D0076477D /* General */ = {
			isa = PBXGroup;
			children = (
			);
			path = General;
			sourceTree = "<group>";
		};
		D6D011941D1AAB3D0076477D /* Helper */ = {
			isa = PBXGroup;
			children = (
				D6D0119A1D1AAB7C0076477D /* NetWordRequestManager.h */,
				D6D0119B1D1AAB7C0076477D /* NetWordRequestManager.m */,
				D6D0119F1D1AAC050076477D /* ArchiverHandle.h */,
				D6D011A01D1AAC050076477D /* ArchiverHandle.m */,
			);
			path = Helper;
			sourceTree = "<group>";
		};
		D6D011951D1AAB3D0076477D /* Marco */ = {
			isa = PBXGroup;
			children = (
				D6D0119E1D1AABB70076477D /* Singleton.h */,
			);
			path = Marco;
			sourceTree = "<group>";
		};
		D6D011961D1AAB3D0076477D /* Models */ = {
			isa = PBXGroup;
			children = (
			);
			path = Models;
			sourceTree = "<group>";
		};
		D6D011971D1AAB3D0076477D /* Resources */ = {
			isa = PBXGroup;
			children = (
			);
			path = Resources;
			sourceTree = "<group>";
		};
		D6D011981D1AAB3D0076477D /* Sences */ = {
			isa = PBXGroup;
			children = (
			);
			path = Sences;
			sourceTree = "<group>";
		};
		D6D011991D1AAB3D0076477D /* Vendors */ = {
			isa = PBXGroup;
			children = (
			);
			path = Vendors;
			sourceTree = "<group>";
		};
/* End PBXGroup section */

/* Begin PBXNativeTarget section */
		D632F4B01D1A961E00F51C6F /* UIProject */ = {
			isa = PBXNativeTarget;
			buildConfigurationList = D632F4C81D1A961E00F51C6F /* Build configuration list for PBXNativeTarget "UIProject" */;
			buildPhases = (
				D632F4AD1D1A961E00F51C6F /* Sources */,
				D632F4AE1D1A961E00F51C6F /* Frameworks */,
				D632F4AF1D1A961E00F51C6F /* Resources */,
			);
			buildRules = (
			);
			dependencies = (
			);
			name = UIProject;
			productName = UIProject;
			productReference = D632F4B11D1A961E00F51C6F /* UIProject.app */;
			productType = "com.apple.product-type.application";
		};
/* End PBXNativeTarget section */

/* Begin PBXProject section */
		D632F4A91D1A961E00F51C6F /* Project object */ = {
			isa = PBXProject;
			attributes = {
				LastUpgradeCheck = 0720;
				ORGANIZATIONNAME = "王晓南";
				TargetAttributes = {
					D632F4B01D1A961E00F51C6F = {
						CreatedOnToolsVersion = 7.2;
					};
				};
			};
			buildConfigurationList = D632F4AC1D1A961E00F51C6F /* Build configuration list for PBXProject "UIProject" */;
			compatibilityVersion = "Xcode 3.2";
			developmentRegion = English;
			hasScannedForEncodings = 0;
			knownRegions = (
				en,
				Base,
			);
			mainGroup = D632F4A81D1A961E00F51C6F;
			productRefGroup = D632F4B21D1A961E00F51C6F /* Products */;
			projectDirPath = "";
			projectRoot = "";
			targets = (
				D632F4B01D1A961E00F51C6F /* UIProject */,
			);
		};
/* End PBXProject section */

/* Begin PBXResourcesBuildPhase section */
		D632F4AF1D1A961E00F51C6F /* Resources */ = {
			isa = PBXResourcesBuildPhase;
			buildActionMask = 2147483647;
			files = (
				D632F4C41D1A961E00F51C6F /* LaunchScreen.storyboard in Resources */,
				D632F4C11D1A961E00F51C6F /* Assets.xcassets in Resources */,
				D632F4BF1D1A961E00F51C6F /* Main.storyboard in Resources */,
			);
			runOnlyForDeploymentPostprocessing = 0;
		};
/* End PBXResourcesBuildPhase section */

/* Begin PBXSourcesBuildPhase section */
		D632F4AD1D1A961E00F51C6F /* Sources */ = {
			isa = PBXSourcesBuildPhase;
			buildActionMask = 2147483647;
			files = (
				D632F4BC1D1A961E00F51C6F /* ViewController.m in Sources */,
				D6D0119C1D1AAB7C0076477D /* NetWordRequestManager.m in Sources */,
				D632F4B91D1A961E00F51C6F /* AppDelegate.m in Sources */,
				D6D011A11D1AAC050076477D /* ArchiverHandle.m in Sources */,
				D632F4B61D1A961E00F51C6F /* main.m in Sources */,
			);
			runOnlyForDeploymentPostprocessing = 0;
		};
/* End PBXSourcesBuildPhase section */

/* Begin PBXVariantGroup section */
		D632F4BD1D1A961E00F51C6F /* Main.storyboard */ = {
			isa = PBXVariantGroup;
			children = (
				D632F4BE1D1A961E00F51C6F /* Base */,
			);
			name = Main.storyboard;
			sourceTree = "<group>";
		};
		D632F4C21D1A961E00F51C6F /* LaunchScreen.storyboard */ = {
			isa = PBXVariantGroup;
			children = (
				D632F4C31D1A961E00F51C6F /* Base */,
			);
			name = LaunchScreen.storyboard;
			sourceTree = "<group>";
		};
/* End PBXVariantGroup section */

/* Begin XCBuildConfiguration section */
		D632F4C61D1A961E00F51C6F /* Debug */ = {
			isa = XCBuildConfiguration;
			buildSettings = {
				ALWAYS_SEARCH_USER_PATHS = NO;
				CLANG_CXX_LANGUAGE_STANDARD = "gnu++0x";
				CLANG_CXX_LIBRARY = "libc++";
				CLANG_ENABLE_MODULES = YES;
				CLANG_ENABLE_OBJC_ARC = YES;
				CLANG_WARN_BOOL_CONVERSION = YES;
				CLANG_WARN_CONSTANT_CONVERSION = YES;
				CLANG_WARN_DIRECT_OBJC_ISA_USAGE = YES_ERROR;
				CLANG_WARN_EMPTY_BODY = YES;
				CLANG_WARN_ENUM_CONVERSION = YES;
				CLANG_WARN_INT_CONVERSION = YES;
				CLANG_WARN_OBJC_ROOT_CLASS = YES_ERROR;
				CLANG_WARN_UNREACHABLE_CODE = YES;
				CLANG_WARN__DUPLICATE_METHOD_MATCH = YES;
				"CODE_SIGN_IDENTITY[sdk=iphoneos*]" = "iPhone Developer";
				COPY_PHASE_STRIP = NO;
				DEBUG_INFORMATION_FORMAT = dwarf;
				ENABLE_STRICT_OBJC_MSGSEND = YES;
				ENABLE_TESTABILITY = YES;
				GCC_C_LANGUAGE_STANDARD = gnu99;
				GCC_DYNAMIC_NO_PIC = NO;
				GCC_NO_COMMON_BLOCKS = YES;
				GCC_OPTIMIZATION_LEVEL = 0;
				GCC_PREPROCESSOR_DEFINITIONS = (
					"DEBUG=1",
					"$(inherited)",
				);
				GCC_WARN_64_TO_32_BIT_CONVERSION = YES;
				GCC_WARN_ABOUT_RETURN_TYPE = YES_ERROR;
				GCC_WARN_UNDECLARED_SELECTOR = YES;
				GCC_WARN_UNINITIALIZED_AUTOS = YES_AGGRESSIVE;
				GCC_WARN_UNUSED_FUNCTION = YES;
				GCC_WARN_UNUSED_VARIABLE = YES;
				IPHONEOS_DEPLOYMENT_TARGET = 9.2;
				MTL_ENABLE_DEBUG_INFO = YES;
				ONLY_ACTIVE_ARCH = YES;
				SDKROOT = iphoneos;
			};
			name = Debug;
		};
		D632F4C71D1A961E00F51C6F /* Release */ = {
			isa = XCBuildConfiguration;
			buildSettings = {
				ALWAYS_SEARCH_USER_PATHS = NO;
				CLANG_CXX_LANGUAGE_STANDARD = "gnu++0x";
				CLANG_CXX_LIBRARY = "libc++";
				CLANG_ENABLE_MODULES = YES;
				CLANG_ENABLE_OBJC_ARC = YES;
				CLANG_WARN_BOOL_CONVERSION = YES;
				CLANG_WARN_CONSTANT_CONVERSION = YES;
				CLANG_WARN_DIRECT_OBJC_ISA_USAGE = YES_ERROR;
				CLANG_WARN_EMPTY_BODY = YES;
				CLANG_WARN_ENUM_CONVERSION = YES;
				CLANG_WARN_INT_CONVERSION = YES;
				CLANG_WARN_OBJC_ROOT_CLASS = YES_ERROR;
				CLANG_WARN_UNREACHABLE_CODE = YES;
				CLANG_WARN__DUPLICATE_METHOD_MATCH = YES;
				"CODE_SIGN_IDENTITY[sdk=iphoneos*]" = "iPhone Developer";
				COPY_PHASE_STRIP = NO;
				DEBUG_INFORMATION_FORMAT = "dwarf-with-dsym";
				ENABLE_NS_ASSERTIONS = NO;
				ENABLE_STRICT_OBJC_MSGSEND = YES;
				GCC_C_LANGUAGE_STANDARD = gnu99;
				GCC_NO_COMMON_BLOCKS = YES;
				GCC_WARN_64_TO_32_BIT_CONVERSION = YES;
				GCC_WARN_ABOUT_RETURN_TYPE = YES_ERROR;
				GCC_WARN_UNDECLARED_SELECTOR = YES;
				GCC_WARN_UNINITIALIZED_AUTOS = YES_AGGRESSIVE;
				GCC_WARN_UNUSED_FUNCTION = YES;
				GCC_WARN_UNUSED_VARIABLE = YES;
				IPHONEOS_DEPLOYMENT_TARGET = 9.2;
				MTL_ENABLE_DEBUG_INFO = NO;
				SDKROOT = iphoneos;
				VALIDATE_PRODUCT = YES;
			};
			name = Release;
		};
		D632F4C91D1A961E00F51C6F /* Debug */ = {
			isa = XCBuildConfiguration;
			buildSettings = {
				ASSETCATALOG_COMPILER_APPICON_NAME = AppIcon;
				INFOPLIST_FILE = UIProject/Info.plist;
				LD_RUNPATH_SEARCH_PATHS = "$(inherited) @executable_path/Frameworks";
				PRODUCT_BUNDLE_IDENTIFIER = lanou.UIProject;
				PRODUCT_NAME = "$(TARGET_NAME)";
			};
			name = Debug;
		};
		D632F4CA1D1A961E00F51C6F /* Release */ = {
			isa = XCBuildConfiguration;
			buildSettings = {
				ASSETCATALOG_COMPILER_APPICON_NAME = AppIcon;
				INFOPLIST_FILE = UIProject/Info.plist;
				LD_RUNPATH_SEARCH_PATHS = "$(inherited) @executable_path/Frameworks";
				PRODUCT_BUNDLE_IDENTIFIER = lanou.UIProject;
				PRODUCT_NAME = "$(TARGET_NAME)";
			};
			name = Release;
		};
/* End XCBuildConfiguration section */

/* Begin XCConfigurationList section */
		D632F4AC1D1A961E00F51C6F /* Build configuration list for PBXProject "UIProject" */ = {
			isa = XCConfigurationList;
			buildConfigurations = (
				D632F4C61D1A961E00F51C6F /* Debug */,
				D632F4C71D1A961E00F51C6F /* Release */,
			);
			defaultConfigurationIsVisible = 0;
			defaultConfigurationName = Release;
		};
		D632F4C81D1A961E00F51C6F /* Build configuration list for PBXNativeTarget "UIProject" */ = {
			isa = XCConfigurationList;
			buildConfigurations = (
				D632F4C91D1A961E00F51C6F /* Debug */,
				D632F4CA1D1A961E00F51C6F /* Release */,
			);
			defaultConfigurationIsVisible = 0;
			defaultConfigurationName = Release;
		};
/* End XCConfigurationList section */
	};
	rootObject = D632F4A91D1A961E00F51C6F /* Project object */;
}
