// !$*UTF8*$!
{
	archiveVersion = 1;
	classes = {
	};
	objectVersion = 46;
	objects = {

/* Begin PBXBuildFile section */
		888747F673A017F33C64B30A /* libPods-UIProject.a in Frameworks */ = {isa = PBXBuildFile; fileRef = D148C0058C63BBB5EBED6561 /* libPods-UIProject.a */; };
		D632F4B61D1A961E00F51C6F /* main.m in Sources */ = {isa = PBXBuildFile; fileRef = D632F4B51D1A961E00F51C6F /* main.m */; };
		D632F4BC1D1A961E00F51C6F /* ViewController.m in Sources */ = {isa = PBXBuildFile; fileRef = D632F4BB1D1A961E00F51C6F /* ViewController.m */; };
		D632F4BF1D1A961E00F51C6F /* Main.storyboard in Resources */ = {isa = PBXBuildFile; fileRef = D632F4BD1D1A961E00F51C6F /* Main.storyboard */; };
		D632F4C11D1A961E00F51C6F /* Assets.xcassets in Resources */ = {isa = PBXBuildFile; fileRef = D632F4C01D1A961E00F51C6F /* Assets.xcassets */; };
		D632F4C41D1A961E00F51C6F /* LaunchScreen.storyboard in Resources */ = {isa = PBXBuildFile; fileRef = D632F4C21D1A961E00F51C6F /* LaunchScreen.storyboard */; };
		D68AC7BB1D1BB2AE00EBB00B /* SecretViewController.m in Sources */ = {isa = PBXBuildFile; fileRef = D68AC7B91D1BB2AE00EBB00B /* SecretViewController.m */; };
		D68AC7BC1D1BB2AE00EBB00B /* SecretViewController.xib in Resources */ = {isa = PBXBuildFile; fileRef = D68AC7BA1D1BB2AE00EBB00B /* SecretViewController.xib */; };
		D68AC7C01D1BB2CB00EBB00B /* SongViewController.m in Sources */ = {isa = PBXBuildFile; fileRef = D68AC7BE1D1BB2CB00EBB00B /* SongViewController.m */; };
		D68AC7C11D1BB2CB00EBB00B /* SongViewController.xib in Resources */ = {isa = PBXBuildFile; fileRef = D68AC7BF1D1BB2CB00EBB00B /* SongViewController.xib */; };
		D68AC7C51D1BB2E800EBB00B /* TravelViewController.m in Sources */ = {isa = PBXBuildFile; fileRef = D68AC7C31D1BB2E800EBB00B /* TravelViewController.m */; };
		D68AC7C61D1BB2E800EBB00B /* TravelViewController.xib in Resources */ = {isa = PBXBuildFile; fileRef = D68AC7C41D1BB2E800EBB00B /* TravelViewController.xib */; };
		D68AC7C91D1BB33F00EBB00B /* Secret.m in Sources */ = {isa = PBXBuildFile; fileRef = D68AC7C81D1BB33F00EBB00B /* Secret.m */; };
		D68AC7CC1D1BB35400EBB00B /* Song.m in Sources */ = {isa = PBXBuildFile; fileRef = D68AC7CB1D1BB35400EBB00B /* Song.m */; };
		D68AC7CF1D1BB37C00EBB00B /* Travel.m in Sources */ = {isa = PBXBuildFile; fileRef = D68AC7CE1D1BB37C00EBB00B /* Travel.m */; };
		D68AC7D31D1BB43F00EBB00B /* UserViewController.m in Sources */ = {isa = PBXBuildFile; fileRef = D68AC7D11D1BB43F00EBB00B /* UserViewController.m */; };
		D68AC7D41D1BB43F00EBB00B /* UserViewController.xib in Resources */ = {isa = PBXBuildFile; fileRef = D68AC7D21D1BB43F00EBB00B /* UserViewController.xib */; };
		D68AC7D71D1BB46000EBB00B /* User.m in Sources */ = {isa = PBXBuildFile; fileRef = D68AC7D61D1BB46000EBB00B /* User.m */; };
		D68AC7DE1D1BB58300EBB00B /* RootViewController.m in Sources */ = {isa = PBXBuildFile; fileRef = D68AC7DD1D1BB58300EBB00B /* RootViewController.m */; };
		D6D0119C1D1AAB7C0076477D /* NetWordRequestManager.m in Sources */ = {isa = PBXBuildFile; fileRef = D6D0119B1D1AAB7C0076477D /* NetWordRequestManager.m */; };
		D6D011A11D1AAC050076477D /* ArchiverHandle.m in Sources */ = {isa = PBXBuildFile; fileRef = D6D011A01D1AAC050076477D /* ArchiverHandle.m */; };
		D6D011A51D1AAF570076477D /* Model.m in Sources */ = {isa = PBXBuildFile; fileRef = D6D011A41D1AAF570076477D /* Model.m */; };
		D6D011A81D1AD3090076477D /* AppDelegate.m in Sources */ = {isa = PBXBuildFile; fileRef = D6D011A71D1AD3090076477D /* AppDelegate.m */; };
/* End PBXBuildFile section */

/* Begin PBXFileReference section */
		46C876A3E453B6AED68D8F6C /* Pods-UIProject.debug.xcconfig */ = {isa = PBXFileReference; includeInIndex = 1; lastKnownFileType = text.xcconfig; name = "Pods-UIProject.debug.xcconfig"; path = "Pods/Target Support Files/Pods-UIProject/Pods-UIProject.debug.xcconfig"; sourceTree = "<group>"; };
		CEB045A6E1FBBA2D7546D596 /* Pods-UIProject.release.xcconfig */ = {isa = PBXFileReference; includeInIndex = 1; lastKnownFileType = text.xcconfig; name = "Pods-UIProject.release.xcconfig"; path = "Pods/Target Support Files/Pods-UIProject/Pods-UIProject.release.xcconfig"; sourceTree = "<group>"; };
		D148C0058C63BBB5EBED6561 /* libPods-UIProject.a */ = {isa = PBXFileReference; explicitFileType = archive.ar; includeInIndex = 0; path = "libPods-UIProject.a"; sourceTree = BUILT_PRODUCTS_DIR; };
		D632F4B11D1A961E00F51C6F /* UIProject.app */ = {isa = PBXFileReference; explicitFileType = wrapper.application; includeInIndex = 0; path = UIProject.app; sourceTree = BUILT_PRODUCTS_DIR; };
		D632F4B51D1A961E00F51C6F /* main.m */ = {isa = PBXFileReference; lastKnownFileType = sourcecode.c.objc; path = main.m; sourceTree = "<group>"; };
		D632F4BA1D1A961E00F51C6F /* ViewController.h */ = {isa = PBXFileReference; lastKnownFileType = sourcecode.c.h; path = ViewController.h; sourceTree = "<group>"; };
		D632F4BB1D1A961E00F51C6F /* ViewController.m */ = {isa = PBXFileReference; lastKnownFileType = sourcecode.c.objc; path = ViewController.m; sourceTree = "<group>"; };
		D632F4BE1D1A961E00F51C6F /* Base */ = {isa = PBXFileReference; lastKnownFileType = file.storyboard; name = Base; path = Base.lproj/Main.storyboard; sourceTree = "<group>"; };
		D632F4C01D1A961E00F51C6F /* Assets.xcassets */ = {isa = PBXFileReference; lastKnownFileType = folder.assetcatalog; path = Assets.xcassets; sourceTree = "<group>"; };
		D632F4C31D1A961E00F51C6F /* Base */ = {isa = PBXFileReference; lastKnownFileType = file.storyboard; name = Base; path = Base.lproj/LaunchScreen.storyboard; sourceTree = "<group>"; };
		D632F4C51D1A961E00F51C6F /* Info.plist */ = {isa = PBXFileReference; lastKnownFileType = text.plist.xml; path = Info.plist; sourceTree = "<group>"; };
		D68AC7B81D1BB2AE00EBB00B /* SecretViewController.h */ = {isa = PBXFileReference; fileEncoding = 4; lastKnownFileType = sourcecode.c.h; path = SecretViewController.h; sourceTree = "<group>"; };
		D68AC7B91D1BB2AE00EBB00B /* SecretViewController.m */ = {isa = PBXFileReference; fileEncoding = 4; lastKnownFileType = sourcecode.c.objc; path = SecretViewController.m; sourceTree = "<group>"; };
		D68AC7BA1D1BB2AE00EBB00B /* SecretViewController.xib */ = {isa = PBXFileReference; fileEncoding = 4; lastKnownFileType = file.xib; path = SecretViewController.xib; sourceTree = "<group>"; };
		D68AC7BD1D1BB2CB00EBB00B /* SongViewController.h */ = {isa = PBXFileReference; fileEncoding = 4; lastKnownFileType = sourcecode.c.h; path = SongViewController.h; sourceTree = "<group>"; };
		D68AC7BE1D1BB2CB00EBB00B /* SongViewController.m */ = {isa = PBXFileReference; fileEncoding = 4; lastKnownFileType = sourcecode.c.objc; path = SongViewController.m; sourceTree = "<group>"; };
		D68AC7BF1D1BB2CB00EBB00B /* SongViewController.xib */ = {isa = PBXFileReference; fileEncoding = 4; lastKnownFileType = file.xib; path = SongViewController.xib; sourceTree = "<group>"; };
		D68AC7C21D1BB2E800EBB00B /* TravelViewController.h */ = {isa = PBXFileReference; fileEncoding = 4; lastKnownFileType = sourcecode.c.h; path = TravelViewController.h; sourceTree = "<group>"; };
		D68AC7C31D1BB2E800EBB00B /* TravelViewController.m */ = {isa = PBXFileReference; fileEncoding = 4; lastKnownFileType = sourcecode.c.objc; path = TravelViewController.m; sourceTree = "<group>"; };
		D68AC7C41D1BB2E800EBB00B /* TravelViewController.xib */ = {isa = PBXFileReference; fileEncoding = 4; lastKnownFileType = file.xib; path = TravelViewController.xib; sourceTree = "<group>"; };
		D68AC7C71D1BB33F00EBB00B /* Secret.h */ = {isa = PBXFileReference; fileEncoding = 4; lastKnownFileType = sourcecode.c.h; path = Secret.h; sourceTree = "<group>"; };
		D68AC7C81D1BB33F00EBB00B /* Secret.m */ = {isa = PBXFileReference; fileEncoding = 4; lastKnownFileType = sourcecode.c.objc; path = Secret.m; sourceTree = "<group>"; };
		D68AC7CA1D1BB35400EBB00B /* Song.h */ = {isa = PBXFileReference; fileEncoding = 4; lastKnownFileType = sourcecode.c.h; path = Song.h; sourceTree = "<group>"; };
		D68AC7CB1D1BB35400EBB00B /* Song.m */ = {isa = PBXFileReference; fileEncoding = 4; lastKnownFileType = sourcecode.c.objc; path = Song.m; sourceTree = "<group>"; };
		D68AC7CD1D1BB37C00EBB00B /* Travel.h */ = {isa = PBXFileReference; fileEncoding = 4; lastKnownFileType = sourcecode.c.h; path = Travel.h; sourceTree = "<group>"; };
		D68AC7CE1D1BB37C00EBB00B /* Travel.m */ = {isa = PBXFileReference; fileEncoding = 4; lastKnownFileType = sourcecode.c.objc; path = Travel.m; sourceTree = "<group>"; };
		D68AC7D01D1BB43F00EBB00B /* UserViewController.h */ = {isa = PBXFileReference; fileEncoding = 4; lastKnownFileType = sourcecode.c.h; path = UserViewController.h; sourceTree = "<group>"; };
		D68AC7D11D1BB43F00EBB00B /* UserViewController.m */ = {isa = PBXFileReference; fileEncoding = 4; lastKnownFileType = sourcecode.c.objc; path = UserViewController.m; sourceTree = "<group>"; };
		D68AC7D21D1BB43F00EBB00B /* UserViewController.xib */ = {isa = PBXFileReference; fileEncoding = 4; lastKnownFileType = file.xib; path = UserViewController.xib; sourceTree = "<group>"; };
		D68AC7D51D1BB46000EBB00B /* User.h */ = {isa = PBXFileReference; fileEncoding = 4; lastKnownFileType = sourcecode.c.h; path = User.h; sourceTree = "<group>"; };
		D68AC7D61D1BB46000EBB00B /* User.m */ = {isa = PBXFileReference; fileEncoding = 4; lastKnownFileType = sourcecode.c.objc; path = User.m; sourceTree = "<group>"; };
		D68AC7DC1D1BB58300EBB00B /* RootViewController.h */ = {isa = PBXFileReference; fileEncoding = 4; lastKnownFileType = sourcecode.c.h; path = RootViewController.h; sourceTree = "<group>"; };
		D68AC7DD1D1BB58300EBB00B /* RootViewController.m */ = {isa = PBXFileReference; fileEncoding = 4; lastKnownFileType = sourcecode.c.objc; path = RootViewController.m; sourceTree = "<group>"; };
		D6D0119A1D1AAB7C0076477D /* NetWordRequestManager.h */ = {isa = PBXFileReference; fileEncoding = 4; lastKnownFileType = sourcecode.c.h; path = NetWordRequestManager.h; sourceTree = "<group>"; };
		D6D0119B1D1AAB7C0076477D /* NetWordRequestManager.m */ = {isa = PBXFileReference; fileEncoding = 4; lastKnownFileType = sourcecode.c.objc; path = NetWordRequestManager.m; sourceTree = "<group>"; };
		D6D0119E1D1AABB70076477D /* Singleton.h */ = {isa = PBXFileReference; fileEncoding = 4; lastKnownFileType = sourcecode.c.h; path = Singleton.h; sourceTree = "<group>"; };
		D6D0119F1D1AAC050076477D /* ArchiverHandle.h */ = {isa = PBXFileReference; fileEncoding = 4; lastKnownFileType = sourcecode.c.h; path = ArchiverHandle.h; sourceTree = "<group>"; };
		D6D011A01D1AAC050076477D /* ArchiverHandle.m */ = {isa = PBXFileReference; fileEncoding = 4; lastKnownFileType = sourcecode.c.objc; path = ArchiverHandle.m; sourceTree = "<group>"; };
		D6D011A21D1AACEA0076477D /* DB_URL.h */ = {isa = PBXFileReference; lastKnownFileType = sourcecode.c.h; path = DB_URL.h; sourceTree = "<group>"; };
		D6D011A31D1AAF570076477D /* Model.h */ = {isa = PBXFileReference; fileEncoding = 4; lastKnownFileType = sourcecode.c.h; path = Model.h; sourceTree = "<group>"; };
		D6D011A41D1AAF570076477D /* Model.m */ = {isa = PBXFileReference; fileEncoding = 4; lastKnownFileType = sourcecode.c.objc; path = Model.m; sourceTree = "<group>"; };
		D6D011A61D1AD3090076477D /* AppDelegate.h */ = {isa = PBXFileReference; fileEncoding = 4; lastKnownFileType = sourcecode.c.h; path = AppDelegate.h; sourceTree = "<group>"; };
		D6D011A71D1AD3090076477D /* AppDelegate.m */ = {isa = PBXFileReference; fileEncoding = 4; lastKnownFileType = sourcecode.c.objc; path = AppDelegate.m; sourceTree = "<group>"; };
/* End PBXFileReference section */

/* Begin PBXFrameworksBuildPhase section */
		D632F4AE1D1A961E00F51C6F /* Frameworks */ = {
			isa = PBXFrameworksBuildPhase;
			buildActionMask = 2147483647;
			files = (
				888747F673A017F33C64B30A /* libPods-UIProject.a in Frameworks */,
			);
			runOnlyForDeploymentPostprocessing = 0;
		};
/* End PBXFrameworksBuildPhase section */

/* Begin PBXGroup section */
		43C9EF205169BA820B42A223 /* Frameworks */ = {
			isa = PBXGroup;
			children = (
				D148C0058C63BBB5EBED6561 /* libPods-UIProject.a */,
			);
			name = Frameworks;
			sourceTree = "<group>";
		};
		C93799ED9227F6E02FF1D45E /* Pods */ = {
			isa = PBXGroup;
			children = (
				46C876A3E453B6AED68D8F6C /* Pods-UIProject.debug.xcconfig */,
				CEB045A6E1FBBA2D7546D596 /* Pods-UIProject.release.xcconfig */,
			);
			name = Pods;
			sourceTree = "<group>";
		};
		D632F4A81D1A961E00F51C6F = {
			isa = PBXGroup;
			children = (
				D6D011911D1AAB3D0076477D /* classes */,
				D632F4B31D1A961E00F51C6F /* UIProject */,
				D632F4B21D1A961E00F51C6F /* Products */,
				C93799ED9227F6E02FF1D45E /* Pods */,
				43C9EF205169BA820B42A223 /* Frameworks */,
			);
			sourceTree = "<group>";
		};
		D632F4B21D1A961E00F51C6F /* Products */ = {
			isa = PBXGroup;
			children = (
				D632F4B11D1A961E00F51C6F /* UIProject.app */,
			);
			name = Products;
			sourceTree = "<group>";
		};
		D632F4B31D1A961E00F51C6F /* UIProject */ = {
			isa = PBXGroup;
			children = (
				D632F4BA1D1A961E00F51C6F /* ViewController.h */,
				D632F4BB1D1A961E00F51C6F /* ViewController.m */,
				D632F4BD1D1A961E00F51C6F /* Main.storyboard */,
				D632F4C01D1A961E00F51C6F /* Assets.xcassets */,
				D632F4C21D1A961E00F51C6F /* LaunchScreen.storyboard */,
				D632F4C51D1A961E00F51C6F /* Info.plist */,
				D632F4B41D1A961E00F51C6F /* Supporting Files */,
			);
			path = UIProject;
			sourceTree = "<group>";
		};
		D632F4B41D1A961E00F51C6F /* Supporting Files */ = {
			isa = PBXGroup;
			children = (
				D632F4B51D1A961E00F51C6F /* main.m */,
			);
			name = "Supporting Files";
			sourceTree = "<group>";
		};
		D68AC5661D1B93A600EBB00B /* User */ = {
			isa = PBXGroup;
			children = (
				D68AC7A41D1B94A600EBB00B /* Controllers */,
				D68AC7A51D1B94A600EBB00B /* Models */,
				D68AC7A61D1B94A600EBB00B /* Views */,
			);
			path = User;
			sourceTree = "<group>";
		};
		D68AC7A41D1B94A600EBB00B /* Controllers */ = {
			isa = PBXGroup;
			children = (
				D68AC7D01D1BB43F00EBB00B /* UserViewController.h */,
				D68AC7D11D1BB43F00EBB00B /* UserViewController.m */,
				D68AC7D21D1BB43F00EBB00B /* UserViewController.xib */,
			);
			path = Controllers;
			sourceTree = "<group>";
		};
		D68AC7A51D1B94A600EBB00B /* Models */ = {
			isa = PBXGroup;
			children = (
				D68AC7D51D1BB46000EBB00B /* User.h */,
				D68AC7D61D1BB46000EBB00B /* User.m */,
			);
			path = Models;
			sourceTree = "<group>";
		};
		D68AC7A61D1B94A600EBB00B /* Views */ = {
			isa = PBXGroup;
			children = (
			);
			path = Views;
			sourceTree = "<group>";
		};
		D68AC7AC1D1BB28200EBB00B /* Secret */ = {
			isa = PBXGroup;
			children = (
				D68AC7AD1D1BB28200EBB00B /* Controller */,
				D68AC7AE1D1BB28200EBB00B /* Models */,
				D68AC7AF1D1BB28200EBB00B /* Views */,
			);
			path = Secret;
			sourceTree = "<group>";
		};
		D68AC7AD1D1BB28200EBB00B /* Controller */ = {
			isa = PBXGroup;
			children = (
				D68AC7B81D1BB2AE00EBB00B /* SecretViewController.h */,
				D68AC7B91D1BB2AE00EBB00B /* SecretViewController.m */,
				D68AC7BA1D1BB2AE00EBB00B /* SecretViewController.xib */,
			);
			path = Controller;
			sourceTree = "<group>";
		};
		D68AC7AE1D1BB28200EBB00B /* Models */ = {
			isa = PBXGroup;
			children = (
				D68AC7C71D1BB33F00EBB00B /* Secret.h */,
				D68AC7C81D1BB33F00EBB00B /* Secret.m */,
			);
			path = Models;
			sourceTree = "<group>";
		};
		D68AC7AF1D1BB28200EBB00B /* Views */ = {
			isa = PBXGroup;
			children = (
			);
			path = Views;
			sourceTree = "<group>";
		};
		D68AC7B01D1BB28200EBB00B /* Song */ = {
			isa = PBXGroup;
			children = (
				D68AC7B11D1BB28200EBB00B /* Controller */,
				D68AC7B21D1BB28300EBB00B /* Models */,
				D68AC7B31D1BB28300EBB00B /* Views */,
			);
			path = Song;
			sourceTree = "<group>";
		};
		D68AC7B11D1BB28200EBB00B /* Controller */ = {
			isa = PBXGroup;
			children = (
				D68AC7BD1D1BB2CB00EBB00B /* SongViewController.h */,
				D68AC7BE1D1BB2CB00EBB00B /* SongViewController.m */,
				D68AC7BF1D1BB2CB00EBB00B /* SongViewController.xib */,
			);
			path = Controller;
			sourceTree = "<group>";
		};
		D68AC7B21D1BB28300EBB00B /* Models */ = {
			isa = PBXGroup;
			children = (
				D68AC7CA1D1BB35400EBB00B /* Song.h */,
				D68AC7CB1D1BB35400EBB00B /* Song.m */,
			);
			path = Models;
			sourceTree = "<group>";
		};
		D68AC7B31D1BB28300EBB00B /* Views */ = {
			isa = PBXGroup;
			children = (
			);
			path = Views;
			sourceTree = "<group>";
		};
		D68AC7B41D1BB28300EBB00B /* Travel */ = {
			isa = PBXGroup;
			children = (
				D68AC7B51D1BB28300EBB00B /* Controller */,
				D68AC7B61D1BB28300EBB00B /* Models */,
				D68AC7B71D1BB28300EBB00B /* Views */,
			);
			path = Travel;
			sourceTree = "<group>";
		};
		D68AC7B51D1BB28300EBB00B /* Controller */ = {
			isa = PBXGroup;
			children = (
				D68AC7C21D1BB2E800EBB00B /* TravelViewController.h */,
				D68AC7C31D1BB2E800EBB00B /* TravelViewController.m */,
				D68AC7C41D1BB2E800EBB00B /* TravelViewController.xib */,
			);
			path = Controller;
			sourceTree = "<group>";
		};
		D68AC7B61D1BB28300EBB00B /* Models */ = {
			isa = PBXGroup;
			children = (
				D68AC7CD1D1BB37C00EBB00B /* Travel.h */,
				D68AC7CE1D1BB37C00EBB00B /* Travel.m */,
			);
			path = Models;
			sourceTree = "<group>";
		};
		D68AC7B71D1BB28300EBB00B /* Views */ = {
			isa = PBXGroup;
			children = (
			);
			path = Views;
			sourceTree = "<group>";
		};
		D68AC7D81D1BB50200EBB00B /* RootVC */ = {
			isa = PBXGroup;
			children = (
				D68AC7DC1D1BB58300EBB00B /* RootViewController.h */,
				D68AC7DD1D1BB58300EBB00B /* RootViewController.m */,
			);
			path = RootVC;
			sourceTree = "<group>";
		};
		D6D011911D1AAB3D0076477D /* classes */ = {
			isa = PBXGroup;
			children = (
				D6D011921D1AAB3D0076477D /* AppDelegate */,
				D6D011931D1AAB3D0076477D /* General */,
				D6D011941D1AAB3D0076477D /* Helper */,
				D6D011951D1AAB3D0076477D /* Marco */,
				D6D011961D1AAB3D0076477D /* Models */,
				D6D011971D1AAB3D0076477D /* Resources */,
				D6D011981D1AAB3D0076477D /* Sences */,
				D6D011991D1AAB3D0076477D /* Vendors */,
			);
			name = classes;
			path = UIProject/classes;
			sourceTree = "<group>";
		};
		D6D011921D1AAB3D0076477D /* AppDelegate */ = {
			isa = PBXGroup;
			children = (
				D6D011A61D1AD3090076477D /* AppDelegate.h */,
				D6D011A71D1AD3090076477D /* AppDelegate.m */,
				D68AC7D81D1BB50200EBB00B /* RootVC */,
			);
			path = AppDelegate;
			sourceTree = "<group>";
		};
		D6D011931D1AAB3D0076477D /* General */ = {
			isa = PBXGroup;
			children = (
			);
			path = General;
			sourceTree = "<group>";
		};
		D6D011941D1AAB3D0076477D /* Helper */ = {
			isa = PBXGroup;
			children = (
				D6D0119A1D1AAB7C0076477D /* NetWordRequestManager.h */,
				D6D0119B1D1AAB7C0076477D /* NetWordRequestManager.m */,
				D6D0119F1D1AAC050076477D /* ArchiverHandle.h */,
				D6D011A01D1AAC050076477D /* ArchiverHandle.m */,
			);
			path = Helper;
			sourceTree = "<group>";
		};
		D6D011951D1AAB3D0076477D /* Marco */ = {
			isa = PBXGroup;
			children = (
				D6D0119E1D1AABB70076477D /* Singleton.h */,
				D6D011A21D1AACEA0076477D /* DB_URL.h */,
			);
			path = Marco;
			sourceTree = "<group>";
		};
		D6D011961D1AAB3D0076477D /* Models */ = {
			isa = PBXGroup;
			children = (
				D6D011A31D1AAF570076477D /* Model.h */,
				D6D011A41D1AAF570076477D /* Model.m */,
			);
			path = Models;
			sourceTree = "<group>";
		};
		D6D011971D1AAB3D0076477D /* Resources */ = {
			isa = PBXGroup;
			children = (
			);
			path = Resources;
			sourceTree = "<group>";
		};
		D6D011981D1AAB3D0076477D /* Sences */ = {
			isa = PBXGroup;
			children = (
				D68AC7AC1D1BB28200EBB00B /* Secret */,
				D68AC7B01D1BB28200EBB00B /* Song */,
				D68AC7B41D1BB28300EBB00B /* Travel */,
				D68AC5661D1B93A600EBB00B /* User */,
			);
			path = Sences;
			sourceTree = "<group>";
		};
		D6D011991D1AAB3D0076477D /* Vendors */ = {
			isa = PBXGroup;
			children = (
			);
			path = Vendors;
			sourceTree = "<group>";
		};
/* End PBXGroup section */

/* Begin PBXNativeTarget section */
		D632F4B01D1A961E00F51C6F /* UIProject */ = {
			isa = PBXNativeTarget;
			buildConfigurationList = D632F4C81D1A961E00F51C6F /* Build configuration list for PBXNativeTarget "UIProject" */;
			buildPhases = (
				5BE01AD4ED75166FF98025A5 /* 📦 Check Pods Manifest.lock */,
				D632F4AD1D1A961E00F51C6F /* Sources */,
				D632F4AE1D1A961E00F51C6F /* Frameworks */,
				D632F4AF1D1A961E00F51C6F /* Resources */,
				A33BE8A815BDB338C48FC683 /* 📦 Embed Pods Frameworks */,
				0D0E32D4C25803B1C3007A0A /* 📦 Copy Pods Resources */,
			);
			buildRules = (
			);
			dependencies = (
			);
			name = UIProject;
			productName = UIProject;
			productReference = D632F4B11D1A961E00F51C6F /* UIProject.app */;
			productType = "com.apple.product-type.application";
		};
/* End PBXNativeTarget section */

/* Begin PBXProject section */
		D632F4A91D1A961E00F51C6F /* Project object */ = {
			isa = PBXProject;
			attributes = {
				LastUpgradeCheck = 0720;
				ORGANIZATIONNAME = "王晓南";
				TargetAttributes = {
					D632F4B01D1A961E00F51C6F = {
						CreatedOnToolsVersion = 7.2;
					};
				};
			};
			buildConfigurationList = D632F4AC1D1A961E00F51C6F /* Build configuration list for PBXProject "UIProject" */;
			compatibilityVersion = "Xcode 3.2";
			developmentRegion = English;
			hasScannedForEncodings = 0;
			knownRegions = (
				en,
				Base,
			);
			mainGroup = D632F4A81D1A961E00F51C6F;
			productRefGroup = D632F4B21D1A961E00F51C6F /* Products */;
			projectDirPath = "";
			projectRoot = "";
			targets = (
				D632F4B01D1A961E00F51C6F /* UIProject */,
			);
		};
/* End PBXProject section */

/* Begin PBXResourcesBuildPhase section */
		D632F4AF1D1A961E00F51C6F /* Resources */ = {
			isa = PBXResourcesBuildPhase;
			buildActionMask = 2147483647;
			files = (
				D632F4C41D1A961E00F51C6F /* LaunchScreen.storyboard in Resources */,
				D68AC7BC1D1BB2AE00EBB00B /* SecretViewController.xib in Resources */,
				D68AC7C61D1BB2E800EBB00B /* TravelViewController.xib in Resources */,
				D68AC7C11D1BB2CB00EBB00B /* SongViewController.xib in Resources */,
				D68AC7D41D1BB43F00EBB00B /* UserViewController.xib in Resources */,
				D632F4C11D1A961E00F51C6F /* Assets.xcassets in Resources */,
				D632F4BF1D1A961E00F51C6F /* Main.storyboard in Resources */,
			);
			runOnlyForDeploymentPostprocessing = 0;
		};
/* End PBXResourcesBuildPhase section */

/* Begin PBXShellScriptBuildPhase section */
		0D0E32D4C25803B1C3007A0A /* 📦 Copy Pods Resources */ = {
			isa = PBXShellScriptBuildPhase;
			buildActionMask = 2147483647;
			files = (
			);
			inputPaths = (
			);
			name = "📦 Copy Pods Resources";
			outputPaths = (
			);
			runOnlyForDeploymentPostprocessing = 0;
			shellPath = /bin/sh;
			shellScript = "\"${SRCROOT}/Pods/Target Support Files/Pods-UIProject/Pods-UIProject-resources.sh\"\n";
			showEnvVarsInLog = 0;
		};
		5BE01AD4ED75166FF98025A5 /* 📦 Check Pods Manifest.lock */ = {
			isa = PBXShellScriptBuildPhase;
			buildActionMask = 2147483647;
			files = (
			);
			inputPaths = (
			);
			name = "📦 Check Pods Manifest.lock";
			outputPaths = (
			);
			runOnlyForDeploymentPostprocessing = 0;
			shellPath = /bin/sh;
			shellScript = "diff \"${PODS_ROOT}/../Podfile.lock\" \"${PODS_ROOT}/Manifest.lock\" > /dev/null\nif [[ $? != 0 ]] ; then\n    cat << EOM\nerror: The sandbox is not in sync with the Podfile.lock. Run 'pod install' or update your CocoaPods installation.\nEOM\n    exit 1\nfi\n";
			showEnvVarsInLog = 0;
		};
		A33BE8A815BDB338C48FC683 /* 📦 Embed Pods Frameworks */ = {
			isa = PBXShellScriptBuildPhase;
			buildActionMask = 2147483647;
			files = (
			);
			inputPaths = (
			);
			name = "📦 Embed Pods Frameworks";
			outputPaths = (
			);
			runOnlyForDeploymentPostprocessing = 0;
			shellPath = /bin/sh;
			shellScript = "\"${SRCROOT}/Pods/Target Support Files/Pods-UIProject/Pods-UIProject-frameworks.sh\"\n";
			showEnvVarsInLog = 0;
		};
/* End PBXShellScriptBuildPhase section */

/* Begin PBXSourcesBuildPhase section */
		D632F4AD1D1A961E00F51C6F /* Sources */ = {
			isa = PBXSourcesBuildPhase;
			buildActionMask = 2147483647;
			files = (
				D68AC7CC1D1BB35400EBB00B /* Song.m in Sources */,
				D68AC7C01D1BB2CB00EBB00B /* SongViewController.m in Sources */,
				D68AC7DE1D1BB58300EBB00B /* RootViewController.m in Sources */,
				D632F4BC1D1A961E00F51C6F /* ViewController.m in Sources */,
				D6D0119C1D1AAB7C0076477D /* NetWordRequestManager.m in Sources */,
				D68AC7D71D1BB46000EBB00B /* User.m in Sources */,
				D68AC7C51D1BB2E800EBB00B /* TravelViewController.m in Sources */,
				D6D011A51D1AAF570076477D /* Model.m in Sources */,
				D68AC7D31D1BB43F00EBB00B /* UserViewController.m in Sources */,
				D6D011A11D1AAC050076477D /* ArchiverHandle.m in Sources */,
				D632F4B61D1A961E00F51C6F /* main.m in Sources */,
				D68AC7C91D1BB33F00EBB00B /* Secret.m in Sources */,
				D68AC7CF1D1BB37C00EBB00B /* Travel.m in Sources */,
				D68AC7BB1D1BB2AE00EBB00B /* SecretViewController.m in Sources */,
				D6D011A81D1AD3090076477D /* AppDelegate.m in Sources */,
			);
			runOnlyForDeploymentPostprocessing = 0;
		};
/* End PBXSourcesBuildPhase section */

/* Begin PBXVariantGroup section */
		D632F4BD1D1A961E00F51C6F /* Main.storyboard */ = {
			isa = PBXVariantGroup;
			children = (
				D632F4BE1D1A961E00F51C6F /* Base */,
			);
			name = Main.storyboard;
			sourceTree = "<group>";
		};
		D632F4C21D1A961E00F51C6F /* LaunchScreen.storyboard */ = {
			isa = PBXVariantGroup;
			children = (
				D632F4C31D1A961E00F51C6F /* Base */,
			);
			name = LaunchScreen.storyboard;
			sourceTree = "<group>";
		};
/* End PBXVariantGroup section */

/* Begin XCBuildConfiguration section */
		D632F4C61D1A961E00F51C6F /* Debug */ = {
			isa = XCBuildConfiguration;
			buildSettings = {
				ALWAYS_SEARCH_USER_PATHS = NO;
				CLANG_CXX_LANGUAGE_STANDARD = "gnu++0x";
				CLANG_CXX_LIBRARY = "libc++";
				CLANG_ENABLE_MODULES = YES;
				CLANG_ENABLE_OBJC_ARC = YES;
				CLANG_WARN_BOOL_CONVERSION = YES;
				CLANG_WARN_CONSTANT_CONVERSION = YES;
				CLANG_WARN_DIRECT_OBJC_ISA_USAGE = YES_ERROR;
				CLANG_WARN_EMPTY_BODY = YES;
				CLANG_WARN_ENUM_CONVERSION = YES;
				CLANG_WARN_INT_CONVERSION = YES;
				CLANG_WARN_OBJC_ROOT_CLASS = YES_ERROR;
				CLANG_WARN_UNREACHABLE_CODE = YES;
				CLANG_WARN__DUPLICATE_METHOD_MATCH = YES;
				"CODE_SIGN_IDENTITY[sdk=iphoneos*]" = "iPhone Developer";
				COPY_PHASE_STRIP = NO;
				DEBUG_INFORMATION_FORMAT = dwarf;
				ENABLE_STRICT_OBJC_MSGSEND = YES;
				ENABLE_TESTABILITY = YES;
				GCC_C_LANGUAGE_STANDARD = gnu99;
				GCC_DYNAMIC_NO_PIC = NO;
				GCC_NO_COMMON_BLOCKS = YES;
				GCC_OPTIMIZATION_LEVEL = 0;
				GCC_PREPROCESSOR_DEFINITIONS = (
					"DEBUG=1",
					"$(inherited)",
				);
				GCC_WARN_64_TO_32_BIT_CONVERSION = YES;
				GCC_WARN_ABOUT_RETURN_TYPE = YES_ERROR;
				GCC_WARN_UNDECLARED_SELECTOR = YES;
				GCC_WARN_UNINITIALIZED_AUTOS = YES_AGGRESSIVE;
				GCC_WARN_UNUSED_FUNCTION = YES;
				GCC_WARN_UNUSED_VARIABLE = YES;
				IPHONEOS_DEPLOYMENT_TARGET = 9.2;
				MTL_ENABLE_DEBUG_INFO = YES;
				ONLY_ACTIVE_ARCH = YES;
				SDKROOT = iphoneos;
			};
			name = Debug;
		};
		D632F4C71D1A961E00F51C6F /* Release */ = {
			isa = XCBuildConfiguration;
			buildSettings = {
				ALWAYS_SEARCH_USER_PATHS = NO;
				CLANG_CXX_LANGUAGE_STANDARD = "gnu++0x";
				CLANG_CXX_LIBRARY = "libc++";
				CLANG_ENABLE_MODULES = YES;
				CLANG_ENABLE_OBJC_ARC = YES;
				CLANG_WARN_BOOL_CONVERSION = YES;
				CLANG_WARN_CONSTANT_CONVERSION = YES;
				CLANG_WARN_DIRECT_OBJC_ISA_USAGE = YES_ERROR;
				CLANG_WARN_EMPTY_BODY = YES;
				CLANG_WARN_ENUM_CONVERSION = YES;
				CLANG_WARN_INT_CONVERSION = YES;
				CLANG_WARN_OBJC_ROOT_CLASS = YES_ERROR;
				CLANG_WARN_UNREACHABLE_CODE = YES;
				CLANG_WARN__DUPLICATE_METHOD_MATCH = YES;
				"CODE_SIGN_IDENTITY[sdk=iphoneos*]" = "iPhone Developer";
				COPY_PHASE_STRIP = NO;
				DEBUG_INFORMATION_FORMAT = "dwarf-with-dsym";
				ENABLE_NS_ASSERTIONS = NO;
				ENABLE_STRICT_OBJC_MSGSEND = YES;
				GCC_C_LANGUAGE_STANDARD = gnu99;
				GCC_NO_COMMON_BLOCKS = YES;
				GCC_WARN_64_TO_32_BIT_CONVERSION = YES;
				GCC_WARN_ABOUT_RETURN_TYPE = YES_ERROR;
				GCC_WARN_UNDECLARED_SELECTOR = YES;
				GCC_WARN_UNINITIALIZED_AUTOS = YES_AGGRESSIVE;
				GCC_WARN_UNUSED_FUNCTION = YES;
				GCC_WARN_UNUSED_VARIABLE = YES;
				IPHONEOS_DEPLOYMENT_TARGET = 9.2;
				MTL_ENABLE_DEBUG_INFO = NO;
				SDKROOT = iphoneos;
				VALIDATE_PRODUCT = YES;
			};
			name = Release;
		};
		D632F4C91D1A961E00F51C6F /* Debug */ = {
			isa = XCBuildConfiguration;
			baseConfigurationReference = 46C876A3E453B6AED68D8F6C /* Pods-UIProject.debug.xcconfig */;
			buildSettings = {
				ASSETCATALOG_COMPILER_APPICON_NAME = AppIcon;
				INFOPLIST_FILE = UIProject/Info.plist;
				LD_RUNPATH_SEARCH_PATHS = "$(inherited) @executable_path/Frameworks";
				PRODUCT_BUNDLE_IDENTIFIER = com.south.TallBigHigh;
				PRODUCT_NAME = "$(TARGET_NAME)";
			};
			name = Debug;
		};
		D632F4CA1D1A961E00F51C6F /* Release */ = {
			isa = XCBuildConfiguration;
			baseConfigurationReference = CEB045A6E1FBBA2D7546D596 /* Pods-UIProject.release.xcconfig */;
			buildSettings = {
				ASSETCATALOG_COMPILER_APPICON_NAME = AppIcon;
				INFOPLIST_FILE = UIProject/Info.plist;
				LD_RUNPATH_SEARCH_PATHS = "$(inherited) @executable_path/Frameworks";
				PRODUCT_BUNDLE_IDENTIFIER = com.south.TallBigHigh;
				PRODUCT_NAME = "$(TARGET_NAME)";
			};
			name = Release;
		};
/* End XCBuildConfiguration section */

/* Begin XCConfigurationList section */
		D632F4AC1D1A961E00F51C6F /* Build configuration list for PBXProject "UIProject" */ = {
			isa = XCConfigurationList;
			buildConfigurations = (
				D632F4C61D1A961E00F51C6F /* Debug */,
				D632F4C71D1A961E00F51C6F /* Release */,
			);
			defaultConfigurationIsVisible = 0;
			defaultConfigurationName = Release;
		};
		D632F4C81D1A961E00F51C6F /* Build configuration list for PBXNativeTarget "UIProject" */ = {
			isa = XCConfigurationList;
			buildConfigurations = (
				D632F4C91D1A961E00F51C6F /* Debug */,
				D632F4CA1D1A961E00F51C6F /* Release */,
			);
			defaultConfigurationIsVisible = 0;
			defaultConfigurationName = Release;
		};
/* End XCConfigurationList section */
	};
	rootObject = D632F4A91D1A961E00F51C6F /* Project object */;
}
